// !$*UTF8*$!
{
	archiveVersion = 1;
	classes = {
	};
	objectVersion = 52;
	objects = {

/* Begin PBXBuildFile section */
		A00A5A2727E37D9A00A84378 /* Feed Presenter.swift in Sources */ = {isa = PBXBuildFile; fileRef = A00A5A2627E37D9A00A84378 /* Feed Presenter.swift */; };
		A00A5A2827E37E3E00A84378 /* Feed.strings in Resources */ = {isa = PBXBuildFile; fileRef = A00A5A2327E37BFE00A84378 /* Feed.strings */; };
		A010CB2627A06C600070A9E4 /* UIImage+TestHelpers.swift in Sources */ = {isa = PBXBuildFile; fileRef = A010CB2527A06C600070A9E4 /* UIImage+TestHelpers.swift */; };
		A010CB2827A06CA90070A9E4 /* UIRefreshControl+TestHelpers.swift in Sources */ = {isa = PBXBuildFile; fileRef = A010CB2727A06CA80070A9E4 /* UIRefreshControl+TestHelpers.swift */; };
		A010CB2A27A06CCA0070A9E4 /* UIButton+TestHelpers.swift in Sources */ = {isa = PBXBuildFile; fileRef = A010CB2927A06CCA0070A9E4 /* UIButton+TestHelpers.swift */; };
		A010CB2C27A06CE90070A9E4 /* UIControl+TestHelpers.swift in Sources */ = {isa = PBXBuildFile; fileRef = A010CB2B27A06CE90070A9E4 /* UIControl+TestHelpers.swift */; };
		A010CB3227A06E270070A9E4 /* FeedViewController+TestHelpers.swift in Sources */ = {isa = PBXBuildFile; fileRef = A010CB3127A06E270070A9E4 /* FeedViewController+TestHelpers.swift */; };
		A010CB3427A06E7C0070A9E4 /* FeedImageCell+TestHelpers.swift in Sources */ = {isa = PBXBuildFile; fileRef = A010CB3327A06E7C0070A9E4 /* FeedImageCell+TestHelpers.swift */; };
		A010CB3627A06EA70070A9E4 /* FeedUIIntegrationTests+LoaderSpy.swift in Sources */ = {isa = PBXBuildFile; fileRef = A010CB3527A06EA70070A9E4 /* FeedUIIntegrationTests+LoaderSpy.swift */; };
		A010CB3827A06F040070A9E4 /* FeedUIIntegrationTests+Assertions.swift in Sources */ = {isa = PBXBuildFile; fileRef = A010CB3727A06F040070A9E4 /* FeedUIIntegrationTests+Assertions.swift */; };
		A0114F6927F4A99800D80B3B /* FeedImageDataStore.swift in Sources */ = {isa = PBXBuildFile; fileRef = A0114F6827F4A99800D80B3B /* FeedImageDataStore.swift */; };
		A0114F6B27F4A9C000D80B3B /* LocalFeedImageDataLoader.swift in Sources */ = {isa = PBXBuildFile; fileRef = A0114F6A27F4A9C000D80B3B /* LocalFeedImageDataLoader.swift */; };
		A02574C427751C6600FA399E /* FeedCacheTestHelpers.swift in Sources */ = {isa = PBXBuildFile; fileRef = A0A2FED327449E9400766DE8 /* FeedCacheTestHelpers.swift */; };
		A02574C527751C7200FA399E /* SharedTestHelpers.swift in Sources */ = {isa = PBXBuildFile; fileRef = A0A2FED127449E8700766DE8 /* SharedTestHelpers.swift */; };
		A02BE3F82759AA31009D7D82 /* XCTestCase+FailableRetrieveFeedStoreSpecs.swift in Sources */ = {isa = PBXBuildFile; fileRef = A02BE3F72759AA31009D7D82 /* XCTestCase+FailableRetrieveFeedStoreSpecs.swift */; };
		A02BE3FA2759AAC1009D7D82 /* XCTestCase+FailableInsertFeedStoreSpecs.swift in Sources */ = {isa = PBXBuildFile; fileRef = A02BE3F92759AAC1009D7D82 /* XCTestCase+FailableInsertFeedStoreSpecs.swift */; };
		A02BE3FC2759AB90009D7D82 /* XCTestCase+FailableDeleteFeedStoreSpecs.swift in Sources */ = {isa = PBXBuildFile; fileRef = A02BE3FB2759AB90009D7D82 /* XCTestCase+FailableDeleteFeedStoreSpecs.swift */; };
		A030363E27E3816800D2BD89 /* FeedViewModel.swift in Sources */ = {isa = PBXBuildFile; fileRef = A030363D27E3816800D2BD89 /* FeedViewModel.swift */; };
		A030364027E3818300D2BD89 /* FeedErrorViewModel.swift in Sources */ = {isa = PBXBuildFile; fileRef = A030363F27E3818300D2BD89 /* FeedErrorViewModel.swift */; };
		A030364227E381AA00D2BD89 /* FeedLoadingViewModel.swift in Sources */ = {isa = PBXBuildFile; fileRef = A030364127E381AA00D2BD89 /* FeedLoadingViewModel.swift */; };
		A030364327E382B800D2BD89 /* FeedLocalizationTests.swift in Sources */ = {isa = PBXBuildFile; fileRef = A09187F027C560CF002C0B54 /* FeedLocalizationTests.swift */; };
		A030364527E382E800D2BD89 /* FeedImagePresenterTests.swift in Sources */ = {isa = PBXBuildFile; fileRef = A030364427E382E800D2BD89 /* FeedImagePresenterTests.swift */; };
		A0490A422799D22B00A1002A /* SharedTestHelpers.swift in Sources */ = {isa = PBXBuildFile; fileRef = A0A2FED127449E8700766DE8 /* SharedTestHelpers.swift */; };
		A0490A442799E23200A1002A /* UIView+Shimmering.swift in Sources */ = {isa = PBXBuildFile; fileRef = A0490A432799E23200A1002A /* UIView+Shimmering.swift */; };
		A04E5C8F27F200BB0096A427 /* RemoteFeedImageDataLoader.swift in Sources */ = {isa = PBXBuildFile; fileRef = A04E5C8E27F200BB0096A427 /* RemoteFeedImageDataLoader.swift */; };
		A05B50A927E4D23F00C0AFBE /* UIImage+TestHelpers.swift in Sources */ = {isa = PBXBuildFile; fileRef = A05B50A827E4D23F00C0AFBE /* UIImage+TestHelpers.swift */; };
		A05B50AB27E4DDC000C0AFBE /* FeedImagePresenter.swift in Sources */ = {isa = PBXBuildFile; fileRef = A05B50AA27E4DDC000C0AFBE /* FeedImagePresenter.swift */; };
		A05B50AD27E4DE1B00C0AFBE /* FeedImageViewModel.swift in Sources */ = {isa = PBXBuildFile; fileRef = A05B50AC27E4DE1B00C0AFBE /* FeedImageViewModel.swift */; };
		A05F88F4272B985C008DD165 /* RemoteFeedItem.swift in Sources */ = {isa = PBXBuildFile; fileRef = A05F88F3272B985C008DD165 /* RemoteFeedItem.swift */; };
		A05F88F6272B9887008DD165 /* LocalFeedImage.swift in Sources */ = {isa = PBXBuildFile; fileRef = A05F88F5272B9887008DD165 /* LocalFeedImage.swift */; };
		A0615BCC26F937D500B76545 /* URLSessionHTTPClientTests.swift in Sources */ = {isa = PBXBuildFile; fileRef = A0615BCB26F937D500B76545 /* URLSessionHTTPClientTests.swift */; };
		A06477B1277183E400A324A4 /* EssentialFeedCacheIntegrationTests.swift in Sources */ = {isa = PBXBuildFile; fileRef = A06477B0277183E400A324A4 /* EssentialFeedCacheIntegrationTests.swift */; };
		A06477B2277183E400A324A4 /* EssentialFeed.framework in Frameworks */ = {isa = PBXBuildFile; fileRef = A0AC45E826DDDABB0063B260 /* EssentialFeed.framework */; };
		A06477B82771858600A324A4 /* XCTestCase+TrackMemoryLeak.swift in Sources */ = {isa = PBXBuildFile; fileRef = A07CADDB26FD5D0700D351E4 /* XCTestCase+TrackMemoryLeak.swift */; };
		A06A839227909E7900C22EE4 /* FeedUIIntegrationTests.swift in Sources */ = {isa = PBXBuildFile; fileRef = A06A839127909E7900C22EE4 /* FeedUIIntegrationTests.swift */; };
		A06A839A2790A2B100C22EE4 /* XCTestCase+TrackMemoryLeak.swift in Sources */ = {isa = PBXBuildFile; fileRef = A07CADDB26FD5D0700D351E4 /* XCTestCase+TrackMemoryLeak.swift */; };
		A06A83A02790A3E500C22EE4 /* EssentialFeed.framework in Frameworks */ = {isa = PBXBuildFile; fileRef = A0AC45E826DDDABB0063B260 /* EssentialFeed.framework */; platformFilter = ios; };
		A06A83A62790BB0E00C22EE4 /* FeedViewController.swift in Sources */ = {isa = PBXBuildFile; fileRef = A06A83A52790BB0E00C22EE4 /* FeedViewController.swift */; };
		A06B7A9A26E074FB00761FC3 /* LoadFeedFromRemoteUseCaseTests.swift in Sources */ = {isa = PBXBuildFile; fileRef = A06B7A9926E074FB00761FC3 /* LoadFeedFromRemoteUseCaseTests.swift */; };
		A06D9372270E11B400B2B545 /* EssentialFeedApiEndToEndTests.swift in Sources */ = {isa = PBXBuildFile; fileRef = A06D9371270E11B400B2B545 /* EssentialFeedApiEndToEndTests.swift */; };
		A06D9373270E11B400B2B545 /* EssentialFeed.framework in Frameworks */ = {isa = PBXBuildFile; fileRef = A0AC45E826DDDABB0063B260 /* EssentialFeed.framework */; };
		A06D9379270E168900B2B545 /* XCTestCase+TrackMemoryLeak.swift in Sources */ = {isa = PBXBuildFile; fileRef = A07CADDB26FD5D0700D351E4 /* XCTestCase+TrackMemoryLeak.swift */; };
		A06F195026E45470001E9F07 /* RemoteFeedLoader.swift in Sources */ = {isa = PBXBuildFile; fileRef = A06F194F26E45470001E9F07 /* RemoteFeedLoader.swift */; };
		A06F7D1E27E22B3500EC50CC /* ErrorView.swift in Sources */ = {isa = PBXBuildFile; fileRef = A06F7D1D27E22B3500EC50CC /* ErrorView.swift */; };
		A06F7D2027E22B4E00EC50CC /* UIRefreshControl+Helpers.swift in Sources */ = {isa = PBXBuildFile; fileRef = A06F7D1F27E22B4E00EC50CC /* UIRefreshControl+Helpers.swift */; };
		A0706EDA273183000069A5F4 /* LoadFeedFromCacheUseCaseTests.swift in Sources */ = {isa = PBXBuildFile; fileRef = A0706ED9273183000069A5F4 /* LoadFeedFromCacheUseCaseTests.swift */; };
		A0706EDC273183C80069A5F4 /* FeedStoreSpy.swift in Sources */ = {isa = PBXBuildFile; fileRef = A0706EDB273183C80069A5F4 /* FeedStoreSpy.swift */; };
		A0734F77279898E30030001B /* FeedImageCell.swift in Sources */ = {isa = PBXBuildFile; fileRef = A0734F76279898E30030001B /* FeedImageCell.swift */; };
		A07976D827586B3900DA033A /* FeedStoreSpecs.swift in Sources */ = {isa = PBXBuildFile; fileRef = A07976D727586B3900DA033A /* FeedStoreSpecs.swift */; };
		A07976DA27586CD900DA033A /* XCTestCase+FeedStoreSpecs.swift in Sources */ = {isa = PBXBuildFile; fileRef = A07976D927586CD900DA033A /* XCTestCase+FeedStoreSpecs.swift */; };
		A07CAA9527BEFFAA007A3C66 /* FeedUIIntegrationTests+Localization.swift in Sources */ = {isa = PBXBuildFile; fileRef = A07CAA9427BEFFAA007A3C66 /* FeedUIIntegrationTests+Localization.swift */; };
		A07CAA9627BF01B2007A3C66 /* Feed.strings in Resources */ = {isa = PBXBuildFile; fileRef = A07CAA9827BF01B2007A3C66 /* Feed.strings */; };
		A07CADDC26FD5D0700D351E4 /* XCTestCase+TrackMemoryLeak.swift in Sources */ = {isa = PBXBuildFile; fileRef = A07CADDB26FD5D0700D351E4 /* XCTestCase+TrackMemoryLeak.swift */; };
		A081D245278C9775003F50A9 /* EssentialFeediOS.framework in Frameworks */ = {isa = PBXBuildFile; fileRef = A081D23D278C9775003F50A9 /* EssentialFeediOS.framework */; };
		A082018626DF1B0D00BDFA5E /* FeedLoader.swift in Sources */ = {isa = PBXBuildFile; fileRef = A082018526DF1B0D00BDFA5E /* FeedLoader.swift */; };
		A0911F9C26EEE4A900BC4A60 /* HTTPClient.swift in Sources */ = {isa = PBXBuildFile; fileRef = A0911F9B26EEE4A900BC4A60 /* HTTPClient.swift */; };
		A0911F9E26EEE4BA00BC4A60 /* FeedItemsMapper.swift in Sources */ = {isa = PBXBuildFile; fileRef = A0911F9D26EEE4BA00BC4A60 /* FeedItemsMapper.swift */; };
		A09C7A2F274750230065B91E /* FeedCachePolicy.swift in Sources */ = {isa = PBXBuildFile; fileRef = A09C7A2E274750230065B91E /* FeedCachePolicy.swift */; };
		A0A2FED027449A9500766DE8 /* ValidateFeedCacheUseCaseTests.swift in Sources */ = {isa = PBXBuildFile; fileRef = A0A2FECF27449A9500766DE8 /* ValidateFeedCacheUseCaseTests.swift */; };
		A0A2FED227449E8700766DE8 /* SharedTestHelpers.swift in Sources */ = {isa = PBXBuildFile; fileRef = A0A2FED127449E8700766DE8 /* SharedTestHelpers.swift */; };
		A0A2FED427449E9400766DE8 /* FeedCacheTestHelpers.swift in Sources */ = {isa = PBXBuildFile; fileRef = A0A2FED327449E9400766DE8 /* FeedCacheTestHelpers.swift */; };
		A0A8E56927EB63CB00E3018A /* FeedImageDataLoader.swift in Sources */ = {isa = PBXBuildFile; fileRef = A010CB3C27A06FEE0070A9E4 /* FeedImageDataLoader.swift */; };
		A0A8E56B27EB645900E3018A /* LoadFeedImageDataFromRemoteUseCaseTests.swift in Sources */ = {isa = PBXBuildFile; fileRef = A0A8E56A27EB645900E3018A /* LoadFeedImageDataFromRemoteUseCaseTests.swift */; };
		A0A8E56F27EB65D500E3018A /* HTTPClientSpy.swift in Sources */ = {isa = PBXBuildFile; fileRef = A0A8E56E27EB65D500E3018A /* HTTPClientSpy.swift */; };
		A0AC45F226DDDABB0063B260 /* EssentialFeed.framework in Frameworks */ = {isa = PBXBuildFile; fileRef = A0AC45E826DDDABB0063B260 /* EssentialFeed.framework */; };
		A0AC45F926DDDABB0063B260 /* EssentialFeed.h in Headers */ = {isa = PBXBuildFile; fileRef = A0AC45EB26DDDABB0063B260 /* EssentialFeed.h */; settings = {ATTRIBUTES = (Public, ); }; };
		A0AC460326DDDC040063B260 /* FeedImage.swift in Sources */ = {isa = PBXBuildFile; fileRef = A0AC460226DDDC040063B260 /* FeedImage.swift */; };
		A0AE16E427BC88E800E9CFA7 /* Feed.storyboard in Resources */ = {isa = PBXBuildFile; fileRef = A0AE16E327BC88E800E9CFA7 /* Feed.storyboard */; };
		A0AE16E627BC893000E9CFA7 /* Feed.xcassets in Resources */ = {isa = PBXBuildFile; fileRef = A0AE16E527BC893000E9CFA7 /* Feed.xcassets */; };
		A0AE16E827BD747300E9CFA7 /* UITableView+DequeueResuableCell.swift in Sources */ = {isa = PBXBuildFile; fileRef = A0AE16E727BD747300E9CFA7 /* UITableView+DequeueResuableCell.swift */; };
		A0AE16EA27BD749300E9CFA7 /* UIImageView+Animations.swift in Sources */ = {isa = PBXBuildFile; fileRef = A0AE16E927BD749300E9CFA7 /* UIImageView+Animations.swift */; };
		A0B9A8CC276EE8D3003E2E2A /* CoreDataHelpers.swift in Sources */ = {isa = PBXBuildFile; fileRef = A0B9A8CB276EE8D3003E2E2A /* CoreDataHelpers.swift */; };
		A0B9A8CE276EE93A003E2E2A /* ManagedCache.swift in Sources */ = {isa = PBXBuildFile; fileRef = A0B9A8CD276EE93A003E2E2A /* ManagedCache.swift */; };
		A0B9A8D0276EE94A003E2E2A /* ManagedFeedImage.swift in Sources */ = {isa = PBXBuildFile; fileRef = A0B9A8CF276EE94A003E2E2A /* ManagedFeedImage.swift */; };
		A0C14AE727E28744003D04AC /* FeedPresenterTests.swift in Sources */ = {isa = PBXBuildFile; fileRef = A0C14AE627E28744003D04AC /* FeedPresenterTests.swift */; };
		A0C7E48B2726F2EC0017615D /* CacheFeedUseCaseTests.swift in Sources */ = {isa = PBXBuildFile; fileRef = A0C7E48A2726F2EC0017615D /* CacheFeedUseCaseTests.swift */; };
		A0C8D363275C2C1F00ACD1EA /* CoreDataFeedStoreTests.swift in Sources */ = {isa = PBXBuildFile; fileRef = A0C8D362275C2C1F00ACD1EA /* CoreDataFeedStoreTests.swift */; };
		A0D11D0F27F34A7700CDAF90 /* HTTPURLResponse+StatusCode.swift in Sources */ = {isa = PBXBuildFile; fileRef = A0D11D0E27F34A7700CDAF90 /* HTTPURLResponse+StatusCode.swift */; };
		A0D11D1227F34B8700CDAF90 /* URLProtocolStub.swift in Sources */ = {isa = PBXBuildFile; fileRef = A0D11D1127F34B8700CDAF90 /* URLProtocolStub.swift */; };
		A0D11D1427F34C8900CDAF90 /* LoadFeedImageDataFromCacheUseCaseTests.swift in Sources */ = {isa = PBXBuildFile; fileRef = A0D11D1327F34C8900CDAF90 /* LoadFeedImageDataFromCacheUseCaseTests.swift */; };
		A0E118612729BC0500E6A710 /* LocalFeedLoader.swift in Sources */ = {isa = PBXBuildFile; fileRef = A0E118602729BC0500E6A710 /* LocalFeedLoader.swift */; };
		A0E118632729BC7500E6A710 /* FeedStore.swift in Sources */ = {isa = PBXBuildFile; fileRef = A0E118622729BC7500E6A710 /* FeedStore.swift */; };
		A0ECF8C9275C3E6800F5F559 /* CoreDataFeedStore.swift in Sources */ = {isa = PBXBuildFile; fileRef = A0ECF8C8275C3E6800F5F559 /* CoreDataFeedStore.swift */; };
		A0ECF8CC275C400B00F5F559 /* FeedStore.xcdatamodeld in Sources */ = {isa = PBXBuildFile; fileRef = A0ECF8CA275C400B00F5F559 /* FeedStore.xcdatamodeld */; };
		A0EFB3A9270DE0BB0077588E /* URLSessionHTTPClient.swift in Sources */ = {isa = PBXBuildFile; fileRef = A0EFB3A8270DE0BB0077588E /* URLSessionHTTPClient.swift */; };
		A0F2E47527C692C300D9BACA /* MainQueueDispatchDecorator.swift in Sources */ = {isa = PBXBuildFile; fileRef = A0F2E47427C692C300D9BACA /* MainQueueDispatchDecorator.swift */; };
		A0F2E47727C6930300D9BACA /* WeakRefVirtualProxy.swift in Sources */ = {isa = PBXBuildFile; fileRef = A0F2E47627C6930300D9BACA /* WeakRefVirtualProxy.swift */; };
		A0F2E47927C6935300D9BACA /* FeedImageDataLoaderPresentationAdapter.swift in Sources */ = {isa = PBXBuildFile; fileRef = A0F2E47827C6935300D9BACA /* FeedImageDataLoaderPresentationAdapter.swift */; };
		A0F2E47B27C6938700D9BACA /* FeedLoaderPresentationAdapter.swift in Sources */ = {isa = PBXBuildFile; fileRef = A0F2E47A27C6938700D9BACA /* FeedLoaderPresentationAdapter.swift */; };
		A0F2E47D27C693B400D9BACA /* FeedViewAdapter.swift in Sources */ = {isa = PBXBuildFile; fileRef = A0F2E47C27C693B400D9BACA /* FeedViewAdapter.swift */; };
		A0F4579E27A3148100665612 /* FeedImageCellController.swift in Sources */ = {isa = PBXBuildFile; fileRef = A0F4579D27A3148100665612 /* FeedImageCellController.swift */; };
		A0F457A127A3195900665612 /* FeedUIComposer.swift in Sources */ = {isa = PBXBuildFile; fileRef = A0F457A027A3195900665612 /* FeedUIComposer.swift */; };
/* End PBXBuildFile section */

/* Begin PBXContainerItemProxy section */
		A06477B3277183E400A324A4 /* PBXContainerItemProxy */ = {
			isa = PBXContainerItemProxy;
			containerPortal = A0AC45DF26DDDABB0063B260 /* Project object */;
			proxyType = 1;
			remoteGlobalIDString = A0AC45E726DDDABB0063B260;
			remoteInfo = EssentialFeed;
		};
		A06A83A22790A3E500C22EE4 /* PBXContainerItemProxy */ = {
			isa = PBXContainerItemProxy;
			containerPortal = A0AC45DF26DDDABB0063B260 /* Project object */;
			proxyType = 1;
			remoteGlobalIDString = A0AC45E726DDDABB0063B260;
			remoteInfo = EssentialFeed;
		};
		A06D9374270E11B400B2B545 /* PBXContainerItemProxy */ = {
			isa = PBXContainerItemProxy;
			containerPortal = A0AC45DF26DDDABB0063B260 /* Project object */;
			proxyType = 1;
			remoteGlobalIDString = A0AC45E726DDDABB0063B260;
			remoteInfo = EssentialFeed;
		};
		A081D246278C9775003F50A9 /* PBXContainerItemProxy */ = {
			isa = PBXContainerItemProxy;
			containerPortal = A0AC45DF26DDDABB0063B260 /* Project object */;
			proxyType = 1;
			remoteGlobalIDString = A081D23C278C9775003F50A9;
			remoteInfo = EssentialFeediOS;
		};
		A0AC45F326DDDABB0063B260 /* PBXContainerItemProxy */ = {
			isa = PBXContainerItemProxy;
			containerPortal = A0AC45DF26DDDABB0063B260 /* Project object */;
			proxyType = 1;
			remoteGlobalIDString = A0AC45E726DDDABB0063B260;
			remoteInfo = EssentialFeed;
		};
/* End PBXContainerItemProxy section */

/* Begin PBXFileReference section */
		A00A5A2227E37BFE00A84378 /* en */ = {isa = PBXFileReference; lastKnownFileType = text.plist.strings; name = en; path = en.lproj/Feed.strings; sourceTree = "<group>"; };
		A00A5A2427E37C0000A84378 /* el */ = {isa = PBXFileReference; lastKnownFileType = text.plist.strings; name = el; path = el.lproj/Feed.strings; sourceTree = "<group>"; };
		A00A5A2527E37C0100A84378 /* pt-BR */ = {isa = PBXFileReference; lastKnownFileType = text.plist.strings; name = "pt-BR"; path = "pt-BR.lproj/Feed.strings"; sourceTree = "<group>"; };
		A00A5A2627E37D9A00A84378 /* Feed Presenter.swift */ = {isa = PBXFileReference; lastKnownFileType = sourcecode.swift; path = "Feed Presenter.swift"; sourceTree = "<group>"; };
		A010CB2527A06C600070A9E4 /* UIImage+TestHelpers.swift */ = {isa = PBXFileReference; lastKnownFileType = sourcecode.swift; path = "UIImage+TestHelpers.swift"; sourceTree = "<group>"; };
		A010CB2727A06CA80070A9E4 /* UIRefreshControl+TestHelpers.swift */ = {isa = PBXFileReference; lastKnownFileType = sourcecode.swift; path = "UIRefreshControl+TestHelpers.swift"; sourceTree = "<group>"; };
		A010CB2927A06CCA0070A9E4 /* UIButton+TestHelpers.swift */ = {isa = PBXFileReference; lastKnownFileType = sourcecode.swift; path = "UIButton+TestHelpers.swift"; sourceTree = "<group>"; };
		A010CB2B27A06CE90070A9E4 /* UIControl+TestHelpers.swift */ = {isa = PBXFileReference; lastKnownFileType = sourcecode.swift; path = "UIControl+TestHelpers.swift"; sourceTree = "<group>"; };
		A010CB3127A06E270070A9E4 /* FeedViewController+TestHelpers.swift */ = {isa = PBXFileReference; lastKnownFileType = sourcecode.swift; path = "FeedViewController+TestHelpers.swift"; sourceTree = "<group>"; };
		A010CB3327A06E7C0070A9E4 /* FeedImageCell+TestHelpers.swift */ = {isa = PBXFileReference; lastKnownFileType = sourcecode.swift; path = "FeedImageCell+TestHelpers.swift"; sourceTree = "<group>"; };
		A010CB3527A06EA70070A9E4 /* FeedUIIntegrationTests+LoaderSpy.swift */ = {isa = PBXFileReference; lastKnownFileType = sourcecode.swift; path = "FeedUIIntegrationTests+LoaderSpy.swift"; sourceTree = "<group>"; };
		A010CB3727A06F040070A9E4 /* FeedUIIntegrationTests+Assertions.swift */ = {isa = PBXFileReference; lastKnownFileType = sourcecode.swift; path = "FeedUIIntegrationTests+Assertions.swift"; sourceTree = "<group>"; };
		A010CB3C27A06FEE0070A9E4 /* FeedImageDataLoader.swift */ = {isa = PBXFileReference; lastKnownFileType = sourcecode.swift; path = FeedImageDataLoader.swift; sourceTree = "<group>"; };
		A0114F6827F4A99800D80B3B /* FeedImageDataStore.swift */ = {isa = PBXFileReference; lastKnownFileType = sourcecode.swift; path = FeedImageDataStore.swift; sourceTree = "<group>"; };
		A0114F6A27F4A9C000D80B3B /* LocalFeedImageDataLoader.swift */ = {isa = PBXFileReference; lastKnownFileType = sourcecode.swift; path = LocalFeedImageDataLoader.swift; sourceTree = "<group>"; };
		A02BE3F72759AA31009D7D82 /* XCTestCase+FailableRetrieveFeedStoreSpecs.swift */ = {isa = PBXFileReference; lastKnownFileType = sourcecode.swift; path = "XCTestCase+FailableRetrieveFeedStoreSpecs.swift"; sourceTree = "<group>"; };
		A02BE3F92759AAC1009D7D82 /* XCTestCase+FailableInsertFeedStoreSpecs.swift */ = {isa = PBXFileReference; lastKnownFileType = sourcecode.swift; path = "XCTestCase+FailableInsertFeedStoreSpecs.swift"; sourceTree = "<group>"; };
		A02BE3FB2759AB90009D7D82 /* XCTestCase+FailableDeleteFeedStoreSpecs.swift */ = {isa = PBXFileReference; lastKnownFileType = sourcecode.swift; path = "XCTestCase+FailableDeleteFeedStoreSpecs.swift"; sourceTree = "<group>"; };
		A030363D27E3816800D2BD89 /* FeedViewModel.swift */ = {isa = PBXFileReference; lastKnownFileType = sourcecode.swift; path = FeedViewModel.swift; sourceTree = "<group>"; };
		A030363F27E3818300D2BD89 /* FeedErrorViewModel.swift */ = {isa = PBXFileReference; lastKnownFileType = sourcecode.swift; path = FeedErrorViewModel.swift; sourceTree = "<group>"; };
		A030364127E381AA00D2BD89 /* FeedLoadingViewModel.swift */ = {isa = PBXFileReference; lastKnownFileType = sourcecode.swift; path = FeedLoadingViewModel.swift; sourceTree = "<group>"; };
		A030364427E382E800D2BD89 /* FeedImagePresenterTests.swift */ = {isa = PBXFileReference; lastKnownFileType = sourcecode.swift; path = FeedImagePresenterTests.swift; sourceTree = "<group>"; };
		A0490A432799E23200A1002A /* UIView+Shimmering.swift */ = {isa = PBXFileReference; lastKnownFileType = sourcecode.swift; path = "UIView+Shimmering.swift"; sourceTree = "<group>"; };
		A04E5C8E27F200BB0096A427 /* RemoteFeedImageDataLoader.swift */ = {isa = PBXFileReference; lastKnownFileType = sourcecode.swift; path = RemoteFeedImageDataLoader.swift; sourceTree = "<group>"; };
		A05B50A827E4D23F00C0AFBE /* UIImage+TestHelpers.swift */ = {isa = PBXFileReference; lastKnownFileType = sourcecode.swift; path = "UIImage+TestHelpers.swift"; sourceTree = "<group>"; };
		A05B50AA27E4DDC000C0AFBE /* FeedImagePresenter.swift */ = {isa = PBXFileReference; lastKnownFileType = sourcecode.swift; path = FeedImagePresenter.swift; sourceTree = "<group>"; };
		A05B50AC27E4DE1B00C0AFBE /* FeedImageViewModel.swift */ = {isa = PBXFileReference; lastKnownFileType = sourcecode.swift; path = FeedImageViewModel.swift; sourceTree = "<group>"; };
		A05F88F3272B985C008DD165 /* RemoteFeedItem.swift */ = {isa = PBXFileReference; lastKnownFileType = sourcecode.swift; path = RemoteFeedItem.swift; sourceTree = "<group>"; };
		A05F88F5272B9887008DD165 /* LocalFeedImage.swift */ = {isa = PBXFileReference; lastKnownFileType = sourcecode.swift; path = LocalFeedImage.swift; sourceTree = "<group>"; };
		A0615BCB26F937D500B76545 /* URLSessionHTTPClientTests.swift */ = {isa = PBXFileReference; lastKnownFileType = sourcecode.swift; path = URLSessionHTTPClientTests.swift; sourceTree = "<group>"; };
		A06477AE277183E400A324A4 /* EssentialFeedCacheIntegrationTests.xctest */ = {isa = PBXFileReference; explicitFileType = wrapper.cfbundle; includeInIndex = 0; path = EssentialFeedCacheIntegrationTests.xctest; sourceTree = BUILT_PRODUCTS_DIR; };
		A06477B0277183E400A324A4 /* EssentialFeedCacheIntegrationTests.swift */ = {isa = PBXFileReference; lastKnownFileType = sourcecode.swift; path = EssentialFeedCacheIntegrationTests.swift; sourceTree = "<group>"; };
		A06A839027909E7800C22EE4 /* EssentialFeediOSTests-Bridging-Header.h */ = {isa = PBXFileReference; lastKnownFileType = sourcecode.c.h; path = "EssentialFeediOSTests-Bridging-Header.h"; sourceTree = "<group>"; };
		A06A839127909E7900C22EE4 /* FeedUIIntegrationTests.swift */ = {isa = PBXFileReference; lastKnownFileType = sourcecode.swift; path = FeedUIIntegrationTests.swift; sourceTree = "<group>"; };
		A06A83A52790BB0E00C22EE4 /* FeedViewController.swift */ = {isa = PBXFileReference; lastKnownFileType = sourcecode.swift; path = FeedViewController.swift; sourceTree = "<group>"; };
		A06B7A9926E074FB00761FC3 /* LoadFeedFromRemoteUseCaseTests.swift */ = {isa = PBXFileReference; lastKnownFileType = sourcecode.swift; path = LoadFeedFromRemoteUseCaseTests.swift; sourceTree = "<group>"; };
		A06D936F270E11B400B2B545 /* EssentialFeedApiEndToEndTests.xctest */ = {isa = PBXFileReference; explicitFileType = wrapper.cfbundle; includeInIndex = 0; path = EssentialFeedApiEndToEndTests.xctest; sourceTree = BUILT_PRODUCTS_DIR; };
		A06D9371270E11B400B2B545 /* EssentialFeedApiEndToEndTests.swift */ = {isa = PBXFileReference; lastKnownFileType = sourcecode.swift; path = EssentialFeedApiEndToEndTests.swift; sourceTree = "<group>"; };
		A06F194F26E45470001E9F07 /* RemoteFeedLoader.swift */ = {isa = PBXFileReference; lastKnownFileType = sourcecode.swift; path = RemoteFeedLoader.swift; sourceTree = "<group>"; };
		A06F7D1D27E22B3500EC50CC /* ErrorView.swift */ = {isa = PBXFileReference; lastKnownFileType = sourcecode.swift; path = ErrorView.swift; sourceTree = "<group>"; };
		A06F7D1F27E22B4E00EC50CC /* UIRefreshControl+Helpers.swift */ = {isa = PBXFileReference; lastKnownFileType = sourcecode.swift; path = "UIRefreshControl+Helpers.swift"; sourceTree = "<group>"; };
		A0706ED9273183000069A5F4 /* LoadFeedFromCacheUseCaseTests.swift */ = {isa = PBXFileReference; lastKnownFileType = sourcecode.swift; path = LoadFeedFromCacheUseCaseTests.swift; sourceTree = "<group>"; };
		A0706EDB273183C80069A5F4 /* FeedStoreSpy.swift */ = {isa = PBXFileReference; lastKnownFileType = sourcecode.swift; path = FeedStoreSpy.swift; sourceTree = "<group>"; };
		A0734F76279898E30030001B /* FeedImageCell.swift */ = {isa = PBXFileReference; lastKnownFileType = sourcecode.swift; path = FeedImageCell.swift; sourceTree = "<group>"; };
		A07976D727586B3900DA033A /* FeedStoreSpecs.swift */ = {isa = PBXFileReference; lastKnownFileType = sourcecode.swift; path = FeedStoreSpecs.swift; sourceTree = "<group>"; };
		A07976D927586CD900DA033A /* XCTestCase+FeedStoreSpecs.swift */ = {isa = PBXFileReference; lastKnownFileType = sourcecode.swift; path = "XCTestCase+FeedStoreSpecs.swift"; sourceTree = "<group>"; };
		A07CAA9427BEFFAA007A3C66 /* FeedUIIntegrationTests+Localization.swift */ = {isa = PBXFileReference; lastKnownFileType = sourcecode.swift; path = "FeedUIIntegrationTests+Localization.swift"; sourceTree = "<group>"; };
		A07CAA9727BF01B2007A3C66 /* en */ = {isa = PBXFileReference; lastKnownFileType = text.plist.strings; name = en; path = en.lproj/Feed.strings; sourceTree = "<group>"; };
		A07CADDB26FD5D0700D351E4 /* XCTestCase+TrackMemoryLeak.swift */ = {isa = PBXFileReference; lastKnownFileType = sourcecode.swift; path = "XCTestCase+TrackMemoryLeak.swift"; sourceTree = "<group>"; };
		A081D23D278C9775003F50A9 /* EssentialFeediOS.framework */ = {isa = PBXFileReference; explicitFileType = wrapper.framework; includeInIndex = 0; path = EssentialFeediOS.framework; sourceTree = BUILT_PRODUCTS_DIR; };
		A081D244278C9775003F50A9 /* EssentialFeediOSTests.xctest */ = {isa = PBXFileReference; explicitFileType = wrapper.cfbundle; includeInIndex = 0; path = EssentialFeediOSTests.xctest; sourceTree = BUILT_PRODUCTS_DIR; };
		A082018526DF1B0D00BDFA5E /* FeedLoader.swift */ = {isa = PBXFileReference; lastKnownFileType = sourcecode.swift; path = FeedLoader.swift; sourceTree = "<group>"; };
		A0911F9B26EEE4A900BC4A60 /* HTTPClient.swift */ = {isa = PBXFileReference; lastKnownFileType = sourcecode.swift; path = HTTPClient.swift; sourceTree = "<group>"; };
		A0911F9D26EEE4BA00BC4A60 /* FeedItemsMapper.swift */ = {isa = PBXFileReference; lastKnownFileType = sourcecode.swift; path = FeedItemsMapper.swift; sourceTree = "<group>"; };
		A09187ED27C55F7E002C0B54 /* pt-BR */ = {isa = PBXFileReference; lastKnownFileType = text.plist.strings; name = "pt-BR"; path = "pt-BR.lproj/Feed.strings"; sourceTree = "<group>"; };
		A09187EE27C56029002C0B54 /* el */ = {isa = PBXFileReference; lastKnownFileType = text.plist.strings; name = el; path = el.lproj/Feed.strings; sourceTree = "<group>"; };
		A09187F027C560CF002C0B54 /* FeedLocalizationTests.swift */ = {isa = PBXFileReference; lastKnownFileType = sourcecode.swift; path = FeedLocalizationTests.swift; sourceTree = "<group>"; };
		A09C7A2E274750230065B91E /* FeedCachePolicy.swift */ = {isa = PBXFileReference; lastKnownFileType = sourcecode.swift; path = FeedCachePolicy.swift; sourceTree = "<group>"; };
		A0A2FECF27449A9500766DE8 /* ValidateFeedCacheUseCaseTests.swift */ = {isa = PBXFileReference; lastKnownFileType = sourcecode.swift; path = ValidateFeedCacheUseCaseTests.swift; sourceTree = "<group>"; };
		A0A2FED127449E8700766DE8 /* SharedTestHelpers.swift */ = {isa = PBXFileReference; lastKnownFileType = sourcecode.swift; path = SharedTestHelpers.swift; sourceTree = "<group>"; };
		A0A2FED327449E9400766DE8 /* FeedCacheTestHelpers.swift */ = {isa = PBXFileReference; lastKnownFileType = sourcecode.swift; path = FeedCacheTestHelpers.swift; sourceTree = "<group>"; };
		A0A8E56A27EB645900E3018A /* LoadFeedImageDataFromRemoteUseCaseTests.swift */ = {isa = PBXFileReference; lastKnownFileType = sourcecode.swift; path = LoadFeedImageDataFromRemoteUseCaseTests.swift; sourceTree = "<group>"; };
		A0A8E56E27EB65D500E3018A /* HTTPClientSpy.swift */ = {isa = PBXFileReference; lastKnownFileType = sourcecode.swift; path = HTTPClientSpy.swift; sourceTree = "<group>"; };
		A0AC45E826DDDABB0063B260 /* EssentialFeed.framework */ = {isa = PBXFileReference; explicitFileType = wrapper.framework; includeInIndex = 0; path = EssentialFeed.framework; sourceTree = BUILT_PRODUCTS_DIR; };
		A0AC45EB26DDDABB0063B260 /* EssentialFeed.h */ = {isa = PBXFileReference; lastKnownFileType = sourcecode.c.h; path = EssentialFeed.h; sourceTree = "<group>"; };
		A0AC45EC26DDDABB0063B260 /* Info.plist */ = {isa = PBXFileReference; lastKnownFileType = text.plist.xml; path = Info.plist; sourceTree = "<group>"; };
		A0AC45F126DDDABB0063B260 /* EssentialFeedTests.xctest */ = {isa = PBXFileReference; explicitFileType = wrapper.cfbundle; includeInIndex = 0; path = EssentialFeedTests.xctest; sourceTree = BUILT_PRODUCTS_DIR; };
		A0AC45F826DDDABB0063B260 /* Info.plist */ = {isa = PBXFileReference; lastKnownFileType = text.plist.xml; path = Info.plist; sourceTree = "<group>"; };
		A0AC460226DDDC040063B260 /* FeedImage.swift */ = {isa = PBXFileReference; lastKnownFileType = sourcecode.swift; path = FeedImage.swift; sourceTree = "<group>"; };
		A0AE16E327BC88E800E9CFA7 /* Feed.storyboard */ = {isa = PBXFileReference; lastKnownFileType = file.storyboard; path = Feed.storyboard; sourceTree = "<group>"; };
		A0AE16E527BC893000E9CFA7 /* Feed.xcassets */ = {isa = PBXFileReference; lastKnownFileType = folder.assetcatalog; path = Feed.xcassets; sourceTree = "<group>"; };
		A0AE16E727BD747300E9CFA7 /* UITableView+DequeueResuableCell.swift */ = {isa = PBXFileReference; lastKnownFileType = sourcecode.swift; path = "UITableView+DequeueResuableCell.swift"; sourceTree = "<group>"; };
		A0AE16E927BD749300E9CFA7 /* UIImageView+Animations.swift */ = {isa = PBXFileReference; lastKnownFileType = sourcecode.swift; path = "UIImageView+Animations.swift"; sourceTree = "<group>"; };
		A0B9A8CB276EE8D3003E2E2A /* CoreDataHelpers.swift */ = {isa = PBXFileReference; lastKnownFileType = sourcecode.swift; path = CoreDataHelpers.swift; sourceTree = "<group>"; };
		A0B9A8CD276EE93A003E2E2A /* ManagedCache.swift */ = {isa = PBXFileReference; lastKnownFileType = sourcecode.swift; path = ManagedCache.swift; sourceTree = "<group>"; };
		A0B9A8CF276EE94A003E2E2A /* ManagedFeedImage.swift */ = {isa = PBXFileReference; lastKnownFileType = sourcecode.swift; path = ManagedFeedImage.swift; sourceTree = "<group>"; };
		A0C14AE627E28744003D04AC /* FeedPresenterTests.swift */ = {isa = PBXFileReference; lastKnownFileType = sourcecode.swift; path = FeedPresenterTests.swift; sourceTree = "<group>"; };
		A0C7E48A2726F2EC0017615D /* CacheFeedUseCaseTests.swift */ = {isa = PBXFileReference; lastKnownFileType = sourcecode.swift; path = CacheFeedUseCaseTests.swift; sourceTree = "<group>"; };
		A0C8D362275C2C1F00ACD1EA /* CoreDataFeedStoreTests.swift */ = {isa = PBXFileReference; lastKnownFileType = sourcecode.swift; path = CoreDataFeedStoreTests.swift; sourceTree = "<group>"; };
		A0D11D0E27F34A7700CDAF90 /* HTTPURLResponse+StatusCode.swift */ = {isa = PBXFileReference; lastKnownFileType = sourcecode.swift; path = "HTTPURLResponse+StatusCode.swift"; sourceTree = "<group>"; };
		A0D11D1127F34B8700CDAF90 /* URLProtocolStub.swift */ = {isa = PBXFileReference; lastKnownFileType = sourcecode.swift; path = URLProtocolStub.swift; sourceTree = "<group>"; };
		A0D11D1327F34C8900CDAF90 /* LoadFeedImageDataFromCacheUseCaseTests.swift */ = {isa = PBXFileReference; lastKnownFileType = sourcecode.swift; path = LoadFeedImageDataFromCacheUseCaseTests.swift; sourceTree = "<group>"; };
		A0E118602729BC0500E6A710 /* LocalFeedLoader.swift */ = {isa = PBXFileReference; lastKnownFileType = sourcecode.swift; path = LocalFeedLoader.swift; sourceTree = "<group>"; };
		A0E118622729BC7500E6A710 /* FeedStore.swift */ = {isa = PBXFileReference; lastKnownFileType = sourcecode.swift; path = FeedStore.swift; sourceTree = "<group>"; };
		A0ECF8C8275C3E6800F5F559 /* CoreDataFeedStore.swift */ = {isa = PBXFileReference; lastKnownFileType = sourcecode.swift; path = CoreDataFeedStore.swift; sourceTree = "<group>"; };
		A0ECF8CB275C400B00F5F559 /* FeedStore.xcdatamodel */ = {isa = PBXFileReference; lastKnownFileType = wrapper.xcdatamodel; path = FeedStore.xcdatamodel; sourceTree = "<group>"; };
		A0EFB3A8270DE0BB0077588E /* URLSessionHTTPClient.swift */ = {isa = PBXFileReference; lastKnownFileType = sourcecode.swift; path = URLSessionHTTPClient.swift; sourceTree = "<group>"; };
		A0F2E47427C692C300D9BACA /* MainQueueDispatchDecorator.swift */ = {isa = PBXFileReference; lastKnownFileType = sourcecode.swift; path = MainQueueDispatchDecorator.swift; sourceTree = "<group>"; };
		A0F2E47627C6930300D9BACA /* WeakRefVirtualProxy.swift */ = {isa = PBXFileReference; lastKnownFileType = sourcecode.swift; path = WeakRefVirtualProxy.swift; sourceTree = "<group>"; };
		A0F2E47827C6935300D9BACA /* FeedImageDataLoaderPresentationAdapter.swift */ = {isa = PBXFileReference; lastKnownFileType = sourcecode.swift; path = FeedImageDataLoaderPresentationAdapter.swift; sourceTree = "<group>"; };
		A0F2E47A27C6938700D9BACA /* FeedLoaderPresentationAdapter.swift */ = {isa = PBXFileReference; lastKnownFileType = sourcecode.swift; path = FeedLoaderPresentationAdapter.swift; sourceTree = "<group>"; };
		A0F2E47C27C693B400D9BACA /* FeedViewAdapter.swift */ = {isa = PBXFileReference; lastKnownFileType = sourcecode.swift; path = FeedViewAdapter.swift; sourceTree = "<group>"; };
		A0F4579D27A3148100665612 /* FeedImageCellController.swift */ = {isa = PBXFileReference; lastKnownFileType = sourcecode.swift; path = FeedImageCellController.swift; sourceTree = "<group>"; };
		A0F457A027A3195900665612 /* FeedUIComposer.swift */ = {isa = PBXFileReference; lastKnownFileType = sourcecode.swift; path = FeedUIComposer.swift; sourceTree = "<group>"; };
/* End PBXFileReference section */

/* Begin PBXFrameworksBuildPhase section */
		A06477AB277183E400A324A4 /* Frameworks */ = {
			isa = PBXFrameworksBuildPhase;
			buildActionMask = 2147483647;
			files = (
				A06477B2277183E400A324A4 /* EssentialFeed.framework in Frameworks */,
			);
			runOnlyForDeploymentPostprocessing = 0;
		};
		A06D936C270E11B400B2B545 /* Frameworks */ = {
			isa = PBXFrameworksBuildPhase;
			buildActionMask = 2147483647;
			files = (
				A06D9373270E11B400B2B545 /* EssentialFeed.framework in Frameworks */,
			);
			runOnlyForDeploymentPostprocessing = 0;
		};
		A081D23A278C9775003F50A9 /* Frameworks */ = {
			isa = PBXFrameworksBuildPhase;
			buildActionMask = 2147483647;
			files = (
				A06A83A02790A3E500C22EE4 /* EssentialFeed.framework in Frameworks */,
			);
			runOnlyForDeploymentPostprocessing = 0;
		};
		A081D241278C9775003F50A9 /* Frameworks */ = {
			isa = PBXFrameworksBuildPhase;
			buildActionMask = 2147483647;
			files = (
				A081D245278C9775003F50A9 /* EssentialFeediOS.framework in Frameworks */,
			);
			runOnlyForDeploymentPostprocessing = 0;
		};
		A0AC45E526DDDABB0063B260 /* Frameworks */ = {
			isa = PBXFrameworksBuildPhase;
			buildActionMask = 2147483647;
			files = (
			);
			runOnlyForDeploymentPostprocessing = 0;
		};
		A0AC45EE26DDDABB0063B260 /* Frameworks */ = {
			isa = PBXFrameworksBuildPhase;
			buildActionMask = 2147483647;
			files = (
				A0AC45F226DDDABB0063B260 /* EssentialFeed.framework in Frameworks */,
			);
			runOnlyForDeploymentPostprocessing = 0;
		};
/* End PBXFrameworksBuildPhase section */

/* Begin PBXGroup section */
		A010CB2D27A06DAC0070A9E4 /* Controllers */ = {
			isa = PBXGroup;
			children = (
				A06A83A52790BB0E00C22EE4 /* FeedViewController.swift */,
				A0F4579D27A3148100665612 /* FeedImageCellController.swift */,
			);
			path = Controllers;
			sourceTree = "<group>";
		};
		A010CB2E27A06DB00070A9E4 /* Views */ = {
			isa = PBXGroup;
			children = (
				A06F7D1C27E22B2000EC50CC /* Helpers */,
				A0734F76279898E30030001B /* FeedImageCell.swift */,
				A06F7D1D27E22B3500EC50CC /* ErrorView.swift */,
			);
			path = Views;
			sourceTree = "<group>";
		};
		A010CB3027A06E1C0070A9E4 /* Helpers */ = {
			isa = PBXGroup;
			children = (
				A010CB2527A06C600070A9E4 /* UIImage+TestHelpers.swift */,
				A010CB2727A06CA80070A9E4 /* UIRefreshControl+TestHelpers.swift */,
				A010CB2927A06CCA0070A9E4 /* UIButton+TestHelpers.swift */,
				A010CB2B27A06CE90070A9E4 /* UIControl+TestHelpers.swift */,
				A010CB3127A06E270070A9E4 /* FeedViewController+TestHelpers.swift */,
				A010CB3327A06E7C0070A9E4 /* FeedImageCell+TestHelpers.swift */,
				A010CB3527A06EA70070A9E4 /* FeedUIIntegrationTests+LoaderSpy.swift */,
				A010CB3727A06F040070A9E4 /* FeedUIIntegrationTests+Assertions.swift */,
				A07CAA9427BEFFAA007A3C66 /* FeedUIIntegrationTests+Localization.swift */,
			);
			path = Helpers;
			sourceTree = "<group>";
		};
		A010CB3927A06F960070A9E4 /* Feed UI */ = {
			isa = PBXGroup;
			children = (
				A0F4579F27A3195300665612 /* Composers */,
				A010CB2D27A06DAC0070A9E4 /* Controllers */,
				A010CB2E27A06DB00070A9E4 /* Views */,
				A07CAA9127BEFD2C007A3C66 /* Resources */,
			);
			path = "Feed UI";
			sourceTree = "<group>";
		};
		A010CB3A27A06FB40070A9E4 /* Feed UI */ = {
			isa = PBXGroup;
			children = (
				A010CB3027A06E1C0070A9E4 /* Helpers */,
				A06A839127909E7900C22EE4 /* FeedUIIntegrationTests.swift */,
			);
			path = "Feed UI";
			sourceTree = "<group>";
		};
		A02BE3FD2759AC04009D7D82 /* FeedStoreSpecs */ = {
			isa = PBXGroup;
			children = (
				A07976D727586B3900DA033A /* FeedStoreSpecs.swift */,
				A07976D927586CD900DA033A /* XCTestCase+FeedStoreSpecs.swift */,
				A02BE3F72759AA31009D7D82 /* XCTestCase+FailableRetrieveFeedStoreSpecs.swift */,
				A02BE3F92759AAC1009D7D82 /* XCTestCase+FailableInsertFeedStoreSpecs.swift */,
				A02BE3FB2759AB90009D7D82 /* XCTestCase+FailableDeleteFeedStoreSpecs.swift */,
			);
			path = FeedStoreSpecs;
			sourceTree = "<group>";
		};
		A0338F5026EEF0D400FE1A32 /* Feed API */ = {
			isa = PBXGroup;
			children = (
				A0A8E56D27EB65CA00E3018A /* Helpers */,
				A06B7A9926E074FB00761FC3 /* LoadFeedFromRemoteUseCaseTests.swift */,
				A0615BCB26F937D500B76545 /* URLSessionHTTPClientTests.swift */,
				A0A8E56A27EB645900E3018A /* LoadFeedImageDataFromRemoteUseCaseTests.swift */,
			);
			path = "Feed API";
			sourceTree = "<group>";
		};
		A06477AF277183E400A324A4 /* EssentialFeedCacheIntegrationTests */ = {
			isa = PBXGroup;
			children = (
				A06477B0277183E400A324A4 /* EssentialFeedCacheIntegrationTests.swift */,
			);
			path = EssentialFeedCacheIntegrationTests;
			sourceTree = "<group>";
		};
		A06A83932790A04200C22EE4 /* Frameworks */ = {
			isa = PBXGroup;
			children = (
			);
			name = Frameworks;
			sourceTree = "<group>";
		};
		A06D9370270E11B400B2B545 /* EssentialFeedApiEndToEndTests */ = {
			isa = PBXGroup;
			children = (
				A06D9371270E11B400B2B545 /* EssentialFeedApiEndToEndTests.swift */,
			);
			path = EssentialFeedApiEndToEndTests;
			sourceTree = "<group>";
		};
		A06F194E26E45461001E9F07 /* Feed API */ = {
			isa = PBXGroup;
			children = (
				A0D11D1027F34AE700CDAF90 /* Helpers */,
				A05F88F3272B985C008DD165 /* RemoteFeedItem.swift */,
				A0911F9B26EEE4A900BC4A60 /* HTTPClient.swift */,
				A0EFB3A8270DE0BB0077588E /* URLSessionHTTPClient.swift */,
				A06F194F26E45470001E9F07 /* RemoteFeedLoader.swift */,
				A0911F9D26EEE4BA00BC4A60 /* FeedItemsMapper.swift */,
				A04E5C8E27F200BB0096A427 /* RemoteFeedImageDataLoader.swift */,
			);
			path = "Feed API";
			sourceTree = "<group>";
		};
		A06F7D1C27E22B2000EC50CC /* Helpers */ = {
			isa = PBXGroup;
			children = (
				A0490A432799E23200A1002A /* UIView+Shimmering.swift */,
				A0AE16E727BD747300E9CFA7 /* UITableView+DequeueResuableCell.swift */,
				A0AE16E927BD749300E9CFA7 /* UIImageView+Animations.swift */,
				A06F7D1F27E22B4E00EC50CC /* UIRefreshControl+Helpers.swift */,
			);
			path = Helpers;
			sourceTree = "<group>";
		};
		A0706EDD273184210069A5F4 /* Helpers */ = {
			isa = PBXGroup;
			children = (
				A0706EDB273183C80069A5F4 /* FeedStoreSpy.swift */,
				A0A2FED327449E9400766DE8 /* FeedCacheTestHelpers.swift */,
			);
			path = Helpers;
			sourceTree = "<group>";
		};
		A07CAA9127BEFD2C007A3C66 /* Resources */ = {
			isa = PBXGroup;
			children = (
				A0AE16E327BC88E800E9CFA7 /* Feed.storyboard */,
				A0AE16E527BC893000E9CFA7 /* Feed.xcassets */,
				A07CAA9827BF01B2007A3C66 /* Feed.strings */,
			);
			path = Resources;
			sourceTree = "<group>";
		};
		A07CADDA26FD5CF700D351E4 /* Helpers */ = {
			isa = PBXGroup;
			children = (
				A0A2FED127449E8700766DE8 /* SharedTestHelpers.swift */,
				A07CADDB26FD5D0700D351E4 /* XCTestCase+TrackMemoryLeak.swift */,
				A05B50A827E4D23F00C0AFBE /* UIImage+TestHelpers.swift */,
			);
			path = Helpers;
			sourceTree = "<group>";
		};
		A081D23E278C9775003F50A9 /* EssentialFeediOS */ = {
			isa = PBXGroup;
			children = (
				A010CB3927A06F960070A9E4 /* Feed UI */,
			);
			path = EssentialFeediOS;
			sourceTree = "<group>";
		};
		A081D248278C9775003F50A9 /* EssentialFeediOSTests */ = {
			isa = PBXGroup;
			children = (
				A010CB3A27A06FB40070A9E4 /* Feed UI */,
				A06A839027909E7800C22EE4 /* EssentialFeediOSTests-Bridging-Header.h */,
			);
			path = EssentialFeediOSTests;
			sourceTree = "<group>";
		};
		A082018826DF1C7200BDFA5E /* Feed Feature */ = {
			isa = PBXGroup;
			children = (
				A0AC460226DDDC040063B260 /* FeedImage.swift */,
				A082018526DF1B0D00BDFA5E /* FeedLoader.swift */,
				A010CB3C27A06FEE0070A9E4 /* FeedImageDataLoader.swift */,
			);
			path = "Feed Feature";
			sourceTree = "<group>";
		};
		A0A8E56D27EB65CA00E3018A /* Helpers */ = {
			isa = PBXGroup;
			children = (
				A0A8E56E27EB65D500E3018A /* HTTPClientSpy.swift */,
				A0D11D1127F34B8700CDAF90 /* URLProtocolStub.swift */,
			);
			path = Helpers;
			sourceTree = "<group>";
		};
		A0AC45DE26DDDABB0063B260 = {
			isa = PBXGroup;
			children = (
				A0AC45EA26DDDABB0063B260 /* EssentialFeed */,
				A0AC45F526DDDABB0063B260 /* EssentialFeedTests */,
				A06D9370270E11B400B2B545 /* EssentialFeedApiEndToEndTests */,
				A06477AF277183E400A324A4 /* EssentialFeedCacheIntegrationTests */,
				A081D23E278C9775003F50A9 /* EssentialFeediOS */,
				A081D248278C9775003F50A9 /* EssentialFeediOSTests */,
				A0AC45E926DDDABB0063B260 /* Products */,
				A06A83932790A04200C22EE4 /* Frameworks */,
			);
			sourceTree = "<group>";
		};
		A0AC45E926DDDABB0063B260 /* Products */ = {
			isa = PBXGroup;
			children = (
				A0AC45E826DDDABB0063B260 /* EssentialFeed.framework */,
				A0AC45F126DDDABB0063B260 /* EssentialFeedTests.xctest */,
				A06D936F270E11B400B2B545 /* EssentialFeedApiEndToEndTests.xctest */,
				A06477AE277183E400A324A4 /* EssentialFeedCacheIntegrationTests.xctest */,
				A081D23D278C9775003F50A9 /* EssentialFeediOS.framework */,
				A081D244278C9775003F50A9 /* EssentialFeediOSTests.xctest */,
			);
			name = Products;
			sourceTree = "<group>";
		};
		A0AC45EA26DDDABB0063B260 /* EssentialFeed */ = {
			isa = PBXGroup;
			children = (
				A0AC45EB26DDDABB0063B260 /* EssentialFeed.h */,
				A0E1185F2729BBF500E6A710 /* Feed Cache */,
				A06F194E26E45461001E9F07 /* Feed API */,
				A082018826DF1C7200BDFA5E /* Feed Feature */,
				A0C14AE427E28701003D04AC /* Feed Presentation */,
				A0AC45EC26DDDABB0063B260 /* Info.plist */,
			);
			path = EssentialFeed;
			sourceTree = "<group>";
		};
		A0AC45F526DDDABB0063B260 /* EssentialFeedTests */ = {
			isa = PBXGroup;
			children = (
				A07CADDA26FD5CF700D351E4 /* Helpers */,
				A0338F5026EEF0D400FE1A32 /* Feed API */,
				A0C7E4892726F2AD0017615D /* Feed Cache */,
				A0C14AE527E2872D003D04AC /* Feed Presentation */,
				A0AC45F826DDDABB0063B260 /* Info.plist */,
			);
			path = EssentialFeedTests;
			sourceTree = "<group>";
		};
		A0B9A8C8276EE857003E2E2A /* Infrastructure */ = {
			isa = PBXGroup;
			children = (
				A0B9A8C9276EE860003E2E2A /* CoreData */,
			);
			path = Infrastructure;
			sourceTree = "<group>";
		};
		A0B9A8C9276EE860003E2E2A /* CoreData */ = {
			isa = PBXGroup;
			children = (
				A0B9A8CB276EE8D3003E2E2A /* CoreDataHelpers.swift */,
				A0B9A8CD276EE93A003E2E2A /* ManagedCache.swift */,
				A0B9A8CF276EE94A003E2E2A /* ManagedFeedImage.swift */,
				A0ECF8C8275C3E6800F5F559 /* CoreDataFeedStore.swift */,
				A0ECF8CA275C400B00F5F559 /* FeedStore.xcdatamodeld */,
			);
			path = CoreData;
			sourceTree = "<group>";
		};
		A0C14AE427E28701003D04AC /* Feed Presentation */ = {
			isa = PBXGroup;
			children = (
				A030363D27E3816800D2BD89 /* FeedViewModel.swift */,
				A030363F27E3818300D2BD89 /* FeedErrorViewModel.swift */,
				A030364127E381AA00D2BD89 /* FeedLoadingViewModel.swift */,
				A00A5A2627E37D9A00A84378 /* Feed Presenter.swift */,
				A05B50AA27E4DDC000C0AFBE /* FeedImagePresenter.swift */,
				A05B50AC27E4DE1B00C0AFBE /* FeedImageViewModel.swift */,
				A00A5A2327E37BFE00A84378 /* Feed.strings */,
			);
			path = "Feed Presentation";
			sourceTree = "<group>";
		};
		A0C14AE527E2872D003D04AC /* Feed Presentation */ = {
			isa = PBXGroup;
			children = (
				A09187F027C560CF002C0B54 /* FeedLocalizationTests.swift */,
				A0C14AE627E28744003D04AC /* FeedPresenterTests.swift */,
				A030364427E382E800D2BD89 /* FeedImagePresenterTests.swift */,
			);
			path = "Feed Presentation";
			sourceTree = "<group>";
		};
		A0C7E4892726F2AD0017615D /* Feed Cache */ = {
			isa = PBXGroup;
			children = (
				A02BE3FD2759AC04009D7D82 /* FeedStoreSpecs */,
				A0706EDD273184210069A5F4 /* Helpers */,
				A0C7E48A2726F2EC0017615D /* CacheFeedUseCaseTests.swift */,
				A0706ED9273183000069A5F4 /* LoadFeedFromCacheUseCaseTests.swift */,
				A0A2FECF27449A9500766DE8 /* ValidateFeedCacheUseCaseTests.swift */,
				A0C8D362275C2C1F00ACD1EA /* CoreDataFeedStoreTests.swift */,
				A0D11D1327F34C8900CDAF90 /* LoadFeedImageDataFromCacheUseCaseTests.swift */,
			);
			path = "Feed Cache";
			sourceTree = "<group>";
		};
		A0D11D1027F34AE700CDAF90 /* Helpers */ = {
			isa = PBXGroup;
			children = (
				A0D11D0E27F34A7700CDAF90 /* HTTPURLResponse+StatusCode.swift */,
			);
			path = Helpers;
			sourceTree = "<group>";
		};
		A0E1185F2729BBF500E6A710 /* Feed Cache */ = {
			isa = PBXGroup;
			children = (
				A0B9A8C8276EE857003E2E2A /* Infrastructure */,
				A0E118622729BC7500E6A710 /* FeedStore.swift */,
				A0E118602729BC0500E6A710 /* LocalFeedLoader.swift */,
				A09C7A2E274750230065B91E /* FeedCachePolicy.swift */,
				A05F88F5272B9887008DD165 /* LocalFeedImage.swift */,
				A0114F6827F4A99800D80B3B /* FeedImageDataStore.swift */,
				A0114F6A27F4A9C000D80B3B /* LocalFeedImageDataLoader.swift */,
			);
			path = "Feed Cache";
			sourceTree = "<group>";
		};
		A0F4579F27A3195300665612 /* Composers */ = {
			isa = PBXGroup;
			children = (
				A0F457A027A3195900665612 /* FeedUIComposer.swift */,
				A0F2E47427C692C300D9BACA /* MainQueueDispatchDecorator.swift */,
				A0F2E47627C6930300D9BACA /* WeakRefVirtualProxy.swift */,
				A0F2E47827C6935300D9BACA /* FeedImageDataLoaderPresentationAdapter.swift */,
				A0F2E47A27C6938700D9BACA /* FeedLoaderPresentationAdapter.swift */,
				A0F2E47C27C693B400D9BACA /* FeedViewAdapter.swift */,
			);
			path = Composers;
			sourceTree = "<group>";
		};
/* End PBXGroup section */

/* Begin PBXHeadersBuildPhase section */
		A081D238278C9775003F50A9 /* Headers */ = {
			isa = PBXHeadersBuildPhase;
			buildActionMask = 2147483647;
			files = (
			);
			runOnlyForDeploymentPostprocessing = 0;
		};
		A0AC45E326DDDABB0063B260 /* Headers */ = {
			isa = PBXHeadersBuildPhase;
			buildActionMask = 2147483647;
			files = (
				A0AC45F926DDDABB0063B260 /* EssentialFeed.h in Headers */,
			);
			runOnlyForDeploymentPostprocessing = 0;
		};
/* End PBXHeadersBuildPhase section */

/* Begin PBXNativeTarget section */
		A06477AD277183E400A324A4 /* EssentialFeedCacheIntegrationTests */ = {
			isa = PBXNativeTarget;
			buildConfigurationList = A06477B7277183E400A324A4 /* Build configuration list for PBXNativeTarget "EssentialFeedCacheIntegrationTests" */;
			buildPhases = (
				A06477AA277183E400A324A4 /* Sources */,
				A06477AB277183E400A324A4 /* Frameworks */,
				A06477AC277183E400A324A4 /* Resources */,
			);
			buildRules = (
			);
			dependencies = (
				A06477B4277183E400A324A4 /* PBXTargetDependency */,
			);
			name = EssentialFeedCacheIntegrationTests;
			productName = EssentialFeedCacheIntegrationTests;
			productReference = A06477AE277183E400A324A4 /* EssentialFeedCacheIntegrationTests.xctest */;
			productType = "com.apple.product-type.bundle.unit-test";
		};
		A06D936E270E11B400B2B545 /* EssentialFeedApiEndToEndTests */ = {
			isa = PBXNativeTarget;
			buildConfigurationList = A06D9378270E11B500B2B545 /* Build configuration list for PBXNativeTarget "EssentialFeedApiEndToEndTests" */;
			buildPhases = (
				A06D936B270E11B400B2B545 /* Sources */,
				A06D936C270E11B400B2B545 /* Frameworks */,
				A06D936D270E11B400B2B545 /* Resources */,
			);
			buildRules = (
			);
			dependencies = (
				A06D9375270E11B400B2B545 /* PBXTargetDependency */,
			);
			name = EssentialFeedApiEndToEndTests;
			productName = EssentialFeedApiEndToEndTests;
			productReference = A06D936F270E11B400B2B545 /* EssentialFeedApiEndToEndTests.xctest */;
			productType = "com.apple.product-type.bundle.unit-test";
		};
		A081D23C278C9775003F50A9 /* EssentialFeediOS */ = {
			isa = PBXNativeTarget;
			buildConfigurationList = A081D250278C9775003F50A9 /* Build configuration list for PBXNativeTarget "EssentialFeediOS" */;
			buildPhases = (
				A081D238278C9775003F50A9 /* Headers */,
				A081D239278C9775003F50A9 /* Sources */,
				A081D23A278C9775003F50A9 /* Frameworks */,
				A081D23B278C9775003F50A9 /* Resources */,
			);
			buildRules = (
			);
			dependencies = (
				A06A83A32790A3E500C22EE4 /* PBXTargetDependency */,
			);
			name = EssentialFeediOS;
			productName = EssentialFeediOS;
			productReference = A081D23D278C9775003F50A9 /* EssentialFeediOS.framework */;
			productType = "com.apple.product-type.framework";
		};
		A081D243278C9775003F50A9 /* EssentialFeediOSTests */ = {
			isa = PBXNativeTarget;
			buildConfigurationList = A081D251278C9775003F50A9 /* Build configuration list for PBXNativeTarget "EssentialFeediOSTests" */;
			buildPhases = (
				A081D240278C9775003F50A9 /* Sources */,
				A081D241278C9775003F50A9 /* Frameworks */,
				A081D242278C9775003F50A9 /* Resources */,
			);
			buildRules = (
			);
			dependencies = (
				A081D247278C9775003F50A9 /* PBXTargetDependency */,
			);
			name = EssentialFeediOSTests;
			productName = EssentialFeediOSTests;
			productReference = A081D244278C9775003F50A9 /* EssentialFeediOSTests.xctest */;
			productType = "com.apple.product-type.bundle.unit-test";
		};
		A0AC45E726DDDABB0063B260 /* EssentialFeed */ = {
			isa = PBXNativeTarget;
			buildConfigurationList = A0AC45FC26DDDABB0063B260 /* Build configuration list for PBXNativeTarget "EssentialFeed" */;
			buildPhases = (
				A0AC45E326DDDABB0063B260 /* Headers */,
				A0AC45E426DDDABB0063B260 /* Sources */,
				A0AC45E526DDDABB0063B260 /* Frameworks */,
				A0AC45E626DDDABB0063B260 /* Resources */,
			);
			buildRules = (
			);
			dependencies = (
			);
			name = EssentialFeed;
			productName = EssentialFeed;
			productReference = A0AC45E826DDDABB0063B260 /* EssentialFeed.framework */;
			productType = "com.apple.product-type.framework";
		};
		A0AC45F026DDDABB0063B260 /* EssentialFeedTests */ = {
			isa = PBXNativeTarget;
			buildConfigurationList = A0AC45FF26DDDABB0063B260 /* Build configuration list for PBXNativeTarget "EssentialFeedTests" */;
			buildPhases = (
				A0AC45ED26DDDABB0063B260 /* Sources */,
				A0AC45EE26DDDABB0063B260 /* Frameworks */,
				A0AC45EF26DDDABB0063B260 /* Resources */,
			);
			buildRules = (
			);
			dependencies = (
				A0AC45F426DDDABB0063B260 /* PBXTargetDependency */,
			);
			name = EssentialFeedTests;
			productName = EssentialFeedTests;
			productReference = A0AC45F126DDDABB0063B260 /* EssentialFeedTests.xctest */;
			productType = "com.apple.product-type.bundle.unit-test";
		};
/* End PBXNativeTarget section */

/* Begin PBXProject section */
		A0AC45DF26DDDABB0063B260 /* Project object */ = {
			isa = PBXProject;
			attributes = {
				LastSwiftUpdateCheck = 1320;
				LastUpgradeCheck = 1250;
				TargetAttributes = {
					A06477AD277183E400A324A4 = {
						CreatedOnToolsVersion = 13.2.1;
					};
					A06D936E270E11B400B2B545 = {
						CreatedOnToolsVersion = 13.0;
					};
					A081D23C278C9775003F50A9 = {
						CreatedOnToolsVersion = 13.2.1;
						LastSwiftMigration = 1320;
					};
					A081D243278C9775003F50A9 = {
						CreatedOnToolsVersion = 13.2.1;
						LastSwiftMigration = 1320;
					};
					A0AC45E726DDDABB0063B260 = {
						CreatedOnToolsVersion = 12.5.1;
						LastSwiftMigration = 1250;
					};
					A0AC45F026DDDABB0063B260 = {
						CreatedOnToolsVersion = 12.5.1;
					};
				};
			};
			buildConfigurationList = A0AC45E226DDDABB0063B260 /* Build configuration list for PBXProject "EssentialFeed" */;
			compatibilityVersion = "Xcode 9.3";
			developmentRegion = en;
			hasScannedForEncodings = 0;
			knownRegions = (
				en,
				Base,
				"pt-BR",
				el,
			);
			mainGroup = A0AC45DE26DDDABB0063B260;
			productRefGroup = A0AC45E926DDDABB0063B260 /* Products */;
			projectDirPath = "";
			projectRoot = "";
			targets = (
				A0AC45E726DDDABB0063B260 /* EssentialFeed */,
				A0AC45F026DDDABB0063B260 /* EssentialFeedTests */,
				A06D936E270E11B400B2B545 /* EssentialFeedApiEndToEndTests */,
				A06477AD277183E400A324A4 /* EssentialFeedCacheIntegrationTests */,
				A081D23C278C9775003F50A9 /* EssentialFeediOS */,
				A081D243278C9775003F50A9 /* EssentialFeediOSTests */,
			);
		};
/* End PBXProject section */

/* Begin PBXResourcesBuildPhase section */
		A06477AC277183E400A324A4 /* Resources */ = {
			isa = PBXResourcesBuildPhase;
			buildActionMask = 2147483647;
			files = (
			);
			runOnlyForDeploymentPostprocessing = 0;
		};
		A06D936D270E11B400B2B545 /* Resources */ = {
			isa = PBXResourcesBuildPhase;
			buildActionMask = 2147483647;
			files = (
			);
			runOnlyForDeploymentPostprocessing = 0;
		};
		A081D23B278C9775003F50A9 /* Resources */ = {
			isa = PBXResourcesBuildPhase;
			buildActionMask = 2147483647;
			files = (
				A0AE16E427BC88E800E9CFA7 /* Feed.storyboard in Resources */,
				A0AE16E627BC893000E9CFA7 /* Feed.xcassets in Resources */,
				A07CAA9627BF01B2007A3C66 /* Feed.strings in Resources */,
			);
			runOnlyForDeploymentPostprocessing = 0;
		};
		A081D242278C9775003F50A9 /* Resources */ = {
			isa = PBXResourcesBuildPhase;
			buildActionMask = 2147483647;
			files = (
			);
			runOnlyForDeploymentPostprocessing = 0;
		};
		A0AC45E626DDDABB0063B260 /* Resources */ = {
			isa = PBXResourcesBuildPhase;
			buildActionMask = 2147483647;
			files = (
				A00A5A2827E37E3E00A84378 /* Feed.strings in Resources */,
			);
			runOnlyForDeploymentPostprocessing = 0;
		};
		A0AC45EF26DDDABB0063B260 /* Resources */ = {
			isa = PBXResourcesBuildPhase;
			buildActionMask = 2147483647;
			files = (
			);
			runOnlyForDeploymentPostprocessing = 0;
		};
/* End PBXResourcesBuildPhase section */

/* Begin PBXSourcesBuildPhase section */
		A06477AA277183E400A324A4 /* Sources */ = {
			isa = PBXSourcesBuildPhase;
			buildActionMask = 2147483647;
			files = (
				A02574C527751C7200FA399E /* SharedTestHelpers.swift in Sources */,
				A06477B82771858600A324A4 /* XCTestCase+TrackMemoryLeak.swift in Sources */,
				A02574C427751C6600FA399E /* FeedCacheTestHelpers.swift in Sources */,
				A06477B1277183E400A324A4 /* EssentialFeedCacheIntegrationTests.swift in Sources */,
			);
			runOnlyForDeploymentPostprocessing = 0;
		};
		A06D936B270E11B400B2B545 /* Sources */ = {
			isa = PBXSourcesBuildPhase;
			buildActionMask = 2147483647;
			files = (
				A06D9379270E168900B2B545 /* XCTestCase+TrackMemoryLeak.swift in Sources */,
				A06D9372270E11B400B2B545 /* EssentialFeedApiEndToEndTests.swift in Sources */,
			);
			runOnlyForDeploymentPostprocessing = 0;
		};
		A081D239278C9775003F50A9 /* Sources */ = {
			isa = PBXSourcesBuildPhase;
			buildActionMask = 2147483647;
			files = (
				A0F2E47527C692C300D9BACA /* MainQueueDispatchDecorator.swift in Sources */,
				A0F2E47927C6935300D9BACA /* FeedImageDataLoaderPresentationAdapter.swift in Sources */,
				A06F7D2027E22B4E00EC50CC /* UIRefreshControl+Helpers.swift in Sources */,
				A0F2E47D27C693B400D9BACA /* FeedViewAdapter.swift in Sources */,
				A0AE16E827BD747300E9CFA7 /* UITableView+DequeueResuableCell.swift in Sources */,
				A0AE16EA27BD749300E9CFA7 /* UIImageView+Animations.swift in Sources */,
				A0490A442799E23200A1002A /* UIView+Shimmering.swift in Sources */,
				A06A83A62790BB0E00C22EE4 /* FeedViewController.swift in Sources */,
				A0734F77279898E30030001B /* FeedImageCell.swift in Sources */,
				A0F4579E27A3148100665612 /* FeedImageCellController.swift in Sources */,
				A06F7D1E27E22B3500EC50CC /* ErrorView.swift in Sources */,
				A0F2E47727C6930300D9BACA /* WeakRefVirtualProxy.swift in Sources */,
				A0F2E47B27C6938700D9BACA /* FeedLoaderPresentationAdapter.swift in Sources */,
				A0F457A127A3195900665612 /* FeedUIComposer.swift in Sources */,
			);
			runOnlyForDeploymentPostprocessing = 0;
		};
		A081D240278C9775003F50A9 /* Sources */ = {
			isa = PBXSourcesBuildPhase;
			buildActionMask = 2147483647;
			files = (
				A010CB3227A06E270070A9E4 /* FeedViewController+TestHelpers.swift in Sources */,
				A06A839A2790A2B100C22EE4 /* XCTestCase+TrackMemoryLeak.swift in Sources */,
				A010CB3627A06EA70070A9E4 /* FeedUIIntegrationTests+LoaderSpy.swift in Sources */,
				A010CB2C27A06CE90070A9E4 /* UIControl+TestHelpers.swift in Sources */,
				A010CB2827A06CA90070A9E4 /* UIRefreshControl+TestHelpers.swift in Sources */,
				A010CB3427A06E7C0070A9E4 /* FeedImageCell+TestHelpers.swift in Sources */,
				A06A839227909E7900C22EE4 /* FeedUIIntegrationTests.swift in Sources */,
				A0490A422799D22B00A1002A /* SharedTestHelpers.swift in Sources */,
				A010CB2627A06C600070A9E4 /* UIImage+TestHelpers.swift in Sources */,
				A010CB3827A06F040070A9E4 /* FeedUIIntegrationTests+Assertions.swift in Sources */,
				A010CB2A27A06CCA0070A9E4 /* UIButton+TestHelpers.swift in Sources */,
				A07CAA9527BEFFAA007A3C66 /* FeedUIIntegrationTests+Localization.swift in Sources */,
			);
			runOnlyForDeploymentPostprocessing = 0;
		};
		A0AC45E426DDDABB0063B260 /* Sources */ = {
			isa = PBXSourcesBuildPhase;
			buildActionMask = 2147483647;
			files = (
				A0B9A8CC276EE8D3003E2E2A /* CoreDataHelpers.swift in Sources */,
				A0911F9E26EEE4BA00BC4A60 /* FeedItemsMapper.swift in Sources */,
				A082018626DF1B0D00BDFA5E /* FeedLoader.swift in Sources */,
				A05F88F4272B985C008DD165 /* RemoteFeedItem.swift in Sources */,
				A05B50AD27E4DE1B00C0AFBE /* FeedImageViewModel.swift in Sources */,
				A09C7A2F274750230065B91E /* FeedCachePolicy.swift in Sources */,
				A04E5C8F27F200BB0096A427 /* RemoteFeedImageDataLoader.swift in Sources */,
				A06F195026E45470001E9F07 /* RemoteFeedLoader.swift in Sources */,
				A0ECF8CC275C400B00F5F559 /* FeedStore.xcdatamodeld in Sources */,
				A030364227E381AA00D2BD89 /* FeedLoadingViewModel.swift in Sources */,
				A05F88F6272B9887008DD165 /* LocalFeedImage.swift in Sources */,
				A030363E27E3816800D2BD89 /* FeedViewModel.swift in Sources */,
				A0E118632729BC7500E6A710 /* FeedStore.swift in Sources */,
				A0E118612729BC0500E6A710 /* LocalFeedLoader.swift in Sources */,
				A00A5A2727E37D9A00A84378 /* Feed Presenter.swift in Sources */,
				A0114F6927F4A99800D80B3B /* FeedImageDataStore.swift in Sources */,
				A0911F9C26EEE4A900BC4A60 /* HTTPClient.swift in Sources */,
				A0AC460326DDDC040063B260 /* FeedImage.swift in Sources */,
				A0EFB3A9270DE0BB0077588E /* URLSessionHTTPClient.swift in Sources */,
				A0B9A8CE276EE93A003E2E2A /* ManagedCache.swift in Sources */,
				A0D11D0F27F34A7700CDAF90 /* HTTPURLResponse+StatusCode.swift in Sources */,
				A030364027E3818300D2BD89 /* FeedErrorViewModel.swift in Sources */,
				A0A8E56927EB63CB00E3018A /* FeedImageDataLoader.swift in Sources */,
				A0ECF8C9275C3E6800F5F559 /* CoreDataFeedStore.swift in Sources */,
				A0114F6B27F4A9C000D80B3B /* LocalFeedImageDataLoader.swift in Sources */,
				A05B50AB27E4DDC000C0AFBE /* FeedImagePresenter.swift in Sources */,
				A0B9A8D0276EE94A003E2E2A /* ManagedFeedImage.swift in Sources */,
			);
			runOnlyForDeploymentPostprocessing = 0;
		};
		A0AC45ED26DDDABB0063B260 /* Sources */ = {
			isa = PBXSourcesBuildPhase;
			buildActionMask = 2147483647;
			files = (
				A0A2FED027449A9500766DE8 /* ValidateFeedCacheUseCaseTests.swift in Sources */,
				A06B7A9A26E074FB00761FC3 /* LoadFeedFromRemoteUseCaseTests.swift in Sources */,
				A0C14AE727E28744003D04AC /* FeedPresenterTests.swift in Sources */,
				A0D11D1227F34B8700CDAF90 /* URLProtocolStub.swift in Sources */,
				A0D11D1427F34C8900CDAF90 /* LoadFeedImageDataFromCacheUseCaseTests.swift in Sources */,
				A05B50A927E4D23F00C0AFBE /* UIImage+TestHelpers.swift in Sources */,
				A0615BCC26F937D500B76545 /* URLSessionHTTPClientTests.swift in Sources */,
				A030364527E382E800D2BD89 /* FeedImagePresenterTests.swift in Sources */,
				A02BE3FA2759AAC1009D7D82 /* XCTestCase+FailableInsertFeedStoreSpecs.swift in Sources */,
				A030364327E382B800D2BD89 /* FeedLocalizationTests.swift in Sources */,
				A0706EDC273183C80069A5F4 /* FeedStoreSpy.swift in Sources */,
				A0A2FED427449E9400766DE8 /* FeedCacheTestHelpers.swift in Sources */,
				A0A8E56B27EB645900E3018A /* LoadFeedImageDataFromRemoteUseCaseTests.swift in Sources */,
				A0A2FED227449E8700766DE8 /* SharedTestHelpers.swift in Sources */,
				A0C7E48B2726F2EC0017615D /* CacheFeedUseCaseTests.swift in Sources */,
				A02BE3FC2759AB90009D7D82 /* XCTestCase+FailableDeleteFeedStoreSpecs.swift in Sources */,
				A02BE3F82759AA31009D7D82 /* XCTestCase+FailableRetrieveFeedStoreSpecs.swift in Sources */,
				A07CADDC26FD5D0700D351E4 /* XCTestCase+TrackMemoryLeak.swift in Sources */,
				A07976D827586B3900DA033A /* FeedStoreSpecs.swift in Sources */,
				A0706EDA273183000069A5F4 /* LoadFeedFromCacheUseCaseTests.swift in Sources */,
				A0C8D363275C2C1F00ACD1EA /* CoreDataFeedStoreTests.swift in Sources */,
				A0A8E56F27EB65D500E3018A /* HTTPClientSpy.swift in Sources */,
				A07976DA27586CD900DA033A /* XCTestCase+FeedStoreSpecs.swift in Sources */,
			);
			runOnlyForDeploymentPostprocessing = 0;
		};
/* End PBXSourcesBuildPhase section */

/* Begin PBXTargetDependency section */
		A06477B4277183E400A324A4 /* PBXTargetDependency */ = {
			isa = PBXTargetDependency;
			target = A0AC45E726DDDABB0063B260 /* EssentialFeed */;
			targetProxy = A06477B3277183E400A324A4 /* PBXContainerItemProxy */;
		};
		A06A83A32790A3E500C22EE4 /* PBXTargetDependency */ = {
			isa = PBXTargetDependency;
			platformFilter = ios;
			target = A0AC45E726DDDABB0063B260 /* EssentialFeed */;
			targetProxy = A06A83A22790A3E500C22EE4 /* PBXContainerItemProxy */;
		};
		A06D9375270E11B400B2B545 /* PBXTargetDependency */ = {
			isa = PBXTargetDependency;
			target = A0AC45E726DDDABB0063B260 /* EssentialFeed */;
			targetProxy = A06D9374270E11B400B2B545 /* PBXContainerItemProxy */;
		};
		A081D247278C9775003F50A9 /* PBXTargetDependency */ = {
			isa = PBXTargetDependency;
			target = A081D23C278C9775003F50A9 /* EssentialFeediOS */;
			targetProxy = A081D246278C9775003F50A9 /* PBXContainerItemProxy */;
		};
		A0AC45F426DDDABB0063B260 /* PBXTargetDependency */ = {
			isa = PBXTargetDependency;
			target = A0AC45E726DDDABB0063B260 /* EssentialFeed */;
			targetProxy = A0AC45F326DDDABB0063B260 /* PBXContainerItemProxy */;
		};
/* End PBXTargetDependency section */

/* Begin PBXVariantGroup section */
		A00A5A2327E37BFE00A84378 /* Feed.strings */ = {
			isa = PBXVariantGroup;
			children = (
				A00A5A2227E37BFE00A84378 /* en */,
				A00A5A2427E37C0000A84378 /* el */,
				A00A5A2527E37C0100A84378 /* pt-BR */,
			);
			name = Feed.strings;
			sourceTree = "<group>";
		};
		A07CAA9827BF01B2007A3C66 /* Feed.strings */ = {
			isa = PBXVariantGroup;
			children = (
				A07CAA9727BF01B2007A3C66 /* en */,
				A09187ED27C55F7E002C0B54 /* pt-BR */,
				A09187EE27C56029002C0B54 /* el */,
			);
			name = Feed.strings;
			sourceTree = "<group>";
		};
/* End PBXVariantGroup section */

/* Begin XCBuildConfiguration section */
		A06477B5277183E400A324A4 /* Debug */ = {
			isa = XCBuildConfiguration;
			buildSettings = {
				CLANG_CXX_LANGUAGE_STANDARD = "gnu++17";
				CODE_SIGN_STYLE = Automatic;
				CURRENT_PROJECT_VERSION = 1;
				DEVELOPMENT_TEAM = P6X3YD4HBV;
				GENERATE_INFOPLIST_FILE = YES;
				MARKETING_VERSION = 1.0;
				PRODUCT_BUNDLE_IDENTIFIER = LightSide.EssentialFeedCacheIntegrationTests;
				PRODUCT_NAME = "$(TARGET_NAME)";
				SUPPORTED_PLATFORMS = "macosx iphoneos iphonesimulator";
				SWIFT_EMIT_LOC_STRINGS = NO;
				SWIFT_VERSION = 5.0;
			};
			name = Debug;
		};
		A06477B6277183E400A324A4 /* Release */ = {
			isa = XCBuildConfiguration;
			buildSettings = {
				CLANG_CXX_LANGUAGE_STANDARD = "gnu++17";
				CODE_SIGN_STYLE = Automatic;
				CURRENT_PROJECT_VERSION = 1;
				DEVELOPMENT_TEAM = P6X3YD4HBV;
				GENERATE_INFOPLIST_FILE = YES;
				MARKETING_VERSION = 1.0;
				PRODUCT_BUNDLE_IDENTIFIER = LightSide.EssentialFeedCacheIntegrationTests;
				PRODUCT_NAME = "$(TARGET_NAME)";
				SUPPORTED_PLATFORMS = "macosx iphoneos iphonesimulator";
				SWIFT_EMIT_LOC_STRINGS = NO;
				SWIFT_VERSION = 5.0;
			};
			name = Release;
		};
		A06D9376270E11B400B2B545 /* Debug */ = {
			isa = XCBuildConfiguration;
			buildSettings = {
				CLANG_CXX_LANGUAGE_STANDARD = "gnu++17";
				CODE_SIGN_STYLE = Automatic;
				COMBINE_HIDPI_IMAGES = YES;
				CURRENT_PROJECT_VERSION = 1;
				DEVELOPMENT_TEAM = P6X3YD4HBV;
				GENERATE_INFOPLIST_FILE = YES;
				LD_RUNPATH_SEARCH_PATHS = (
					"$(inherited)",
					"@executable_path/../Frameworks",
					"@loader_path/../Frameworks",
				);
				MARKETING_VERSION = 1.0;
				PRODUCT_BUNDLE_IDENTIFIER = LightSide.EssentialFeedApiEndToEndTests;
				PRODUCT_NAME = "$(TARGET_NAME)";
				SUPPORTED_PLATFORMS = "macosx iphoneos iphonesimulator";
				SWIFT_EMIT_LOC_STRINGS = NO;
				SWIFT_VERSION = 5.0;
			};
			name = Debug;
		};
		A06D9377270E11B400B2B545 /* Release */ = {
			isa = XCBuildConfiguration;
			buildSettings = {
				CLANG_CXX_LANGUAGE_STANDARD = "gnu++17";
				CODE_SIGN_STYLE = Automatic;
				COMBINE_HIDPI_IMAGES = YES;
				CURRENT_PROJECT_VERSION = 1;
				DEVELOPMENT_TEAM = P6X3YD4HBV;
				GENERATE_INFOPLIST_FILE = YES;
				LD_RUNPATH_SEARCH_PATHS = (
					"$(inherited)",
					"@executable_path/../Frameworks",
					"@loader_path/../Frameworks",
				);
				MARKETING_VERSION = 1.0;
				PRODUCT_BUNDLE_IDENTIFIER = LightSide.EssentialFeedApiEndToEndTests;
				PRODUCT_NAME = "$(TARGET_NAME)";
				SUPPORTED_PLATFORMS = "macosx iphoneos iphonesimulator";
				SWIFT_EMIT_LOC_STRINGS = NO;
				SWIFT_VERSION = 5.0;
			};
			name = Release;
		};
		A081D24C278C9775003F50A9 /* Debug */ = {
			isa = XCBuildConfiguration;
			buildSettings = {
				CLANG_CXX_LANGUAGE_STANDARD = "gnu++17";
				CLANG_ENABLE_MODULES = YES;
				CODE_SIGN_STYLE = Automatic;
				CURRENT_PROJECT_VERSION = 1;
				DEFINES_MODULE = YES;
				DEVELOPMENT_TEAM = P6X3YD4HBV;
				DYLIB_COMPATIBILITY_VERSION = 1;
				DYLIB_CURRENT_VERSION = 1;
				DYLIB_INSTALL_NAME_BASE = "@rpath";
				GENERATE_INFOPLIST_FILE = YES;
				INFOPLIST_KEY_NSHumanReadableCopyright = "";
				INSTALL_PATH = "$(LOCAL_LIBRARY_DIR)/Frameworks";
				IPHONEOS_DEPLOYMENT_TARGET = 15.2;
				LD_RUNPATH_SEARCH_PATHS = (
					"$(inherited)",
					"@executable_path/Frameworks",
					"@loader_path/Frameworks",
				);
				MARKETING_VERSION = 1.0;
				PRODUCT_BUNDLE_IDENTIFIER = LightSide.EssentialFeediOS;
				PRODUCT_NAME = "$(TARGET_NAME:c99extidentifier)";
				SDKROOT = iphoneos;
				SKIP_INSTALL = YES;
				SWIFT_EMIT_LOC_STRINGS = YES;
				SWIFT_OPTIMIZATION_LEVEL = "-Onone";
				SWIFT_VERSION = 5.0;
				TARGETED_DEVICE_FAMILY = "1,2";
			};
			name = Debug;
		};
		A081D24D278C9775003F50A9 /* Release */ = {
			isa = XCBuildConfiguration;
			buildSettings = {
				CLANG_CXX_LANGUAGE_STANDARD = "gnu++17";
				CLANG_ENABLE_MODULES = YES;
				CODE_SIGN_STYLE = Automatic;
				CURRENT_PROJECT_VERSION = 1;
				DEFINES_MODULE = YES;
				DEVELOPMENT_TEAM = P6X3YD4HBV;
				DYLIB_COMPATIBILITY_VERSION = 1;
				DYLIB_CURRENT_VERSION = 1;
				DYLIB_INSTALL_NAME_BASE = "@rpath";
				GENERATE_INFOPLIST_FILE = YES;
				INFOPLIST_KEY_NSHumanReadableCopyright = "";
				INSTALL_PATH = "$(LOCAL_LIBRARY_DIR)/Frameworks";
				IPHONEOS_DEPLOYMENT_TARGET = 15.2;
				LD_RUNPATH_SEARCH_PATHS = (
					"$(inherited)",
					"@executable_path/Frameworks",
					"@loader_path/Frameworks",
				);
				MARKETING_VERSION = 1.0;
				PRODUCT_BUNDLE_IDENTIFIER = LightSide.EssentialFeediOS;
				PRODUCT_NAME = "$(TARGET_NAME:c99extidentifier)";
				SDKROOT = iphoneos;
				SKIP_INSTALL = YES;
				SWIFT_EMIT_LOC_STRINGS = YES;
				SWIFT_VERSION = 5.0;
				TARGETED_DEVICE_FAMILY = "1,2";
				VALIDATE_PRODUCT = YES;
			};
			name = Release;
		};
		A081D24E278C9775003F50A9 /* Debug */ = {
			isa = XCBuildConfiguration;
			buildSettings = {
				ALWAYS_EMBED_SWIFT_STANDARD_LIBRARIES = YES;
				CLANG_CXX_LANGUAGE_STANDARD = "gnu++17";
				CLANG_ENABLE_MODULES = YES;
				CODE_SIGN_STYLE = Automatic;
				CURRENT_PROJECT_VERSION = 1;
				DEVELOPMENT_TEAM = P6X3YD4HBV;
				GENERATE_INFOPLIST_FILE = YES;
				IPHONEOS_DEPLOYMENT_TARGET = 15.2;
				LD_RUNPATH_SEARCH_PATHS = (
					"$(inherited)",
					"@executable_path/Frameworks",
					"@loader_path/Frameworks",
				);
				MARKETING_VERSION = 1.0;
				PRODUCT_BUNDLE_IDENTIFIER = LightSide.EssentialFeediOSTests;
				PRODUCT_NAME = "$(TARGET_NAME)";
				SDKROOT = iphoneos;
				SWIFT_EMIT_LOC_STRINGS = NO;
				SWIFT_OBJC_BRIDGING_HEADER = "EssentialFeediOSTests/EssentialFeediOSTests-Bridging-Header.h";
				SWIFT_OPTIMIZATION_LEVEL = "-Onone";
				SWIFT_VERSION = 5.0;
				TARGETED_DEVICE_FAMILY = "1,2";
			};
			name = Debug;
		};
		A081D24F278C9775003F50A9 /* Release */ = {
			isa = XCBuildConfiguration;
			buildSettings = {
				ALWAYS_EMBED_SWIFT_STANDARD_LIBRARIES = YES;
				CLANG_CXX_LANGUAGE_STANDARD = "gnu++17";
				CLANG_ENABLE_MODULES = YES;
				CODE_SIGN_STYLE = Automatic;
				CURRENT_PROJECT_VERSION = 1;
				DEVELOPMENT_TEAM = P6X3YD4HBV;
				GENERATE_INFOPLIST_FILE = YES;
				IPHONEOS_DEPLOYMENT_TARGET = 15.2;
				LD_RUNPATH_SEARCH_PATHS = (
					"$(inherited)",
					"@executable_path/Frameworks",
					"@loader_path/Frameworks",
				);
				MARKETING_VERSION = 1.0;
				PRODUCT_BUNDLE_IDENTIFIER = LightSide.EssentialFeediOSTests;
				PRODUCT_NAME = "$(TARGET_NAME)";
				SDKROOT = iphoneos;
				SWIFT_EMIT_LOC_STRINGS = NO;
				SWIFT_OBJC_BRIDGING_HEADER = "EssentialFeediOSTests/EssentialFeediOSTests-Bridging-Header.h";
				SWIFT_VERSION = 5.0;
				TARGETED_DEVICE_FAMILY = "1,2";
				VALIDATE_PRODUCT = YES;
			};
			name = Release;
		};
		A0AC45FA26DDDABB0063B260 /* Debug */ = {
			isa = XCBuildConfiguration;
			buildSettings = {
				ALWAYS_SEARCH_USER_PATHS = NO;
				CLANG_ANALYZER_LOCALIZABILITY_NONLOCALIZED = YES;
				CLANG_ANALYZER_NONNULL = YES;
				CLANG_ANALYZER_NUMBER_OBJECT_CONVERSION = YES_AGGRESSIVE;
				CLANG_CXX_LANGUAGE_STANDARD = "gnu++14";
				CLANG_CXX_LIBRARY = "libc++";
				CLANG_ENABLE_MODULES = YES;
				CLANG_ENABLE_OBJC_ARC = YES;
				CLANG_ENABLE_OBJC_WEAK = YES;
				CLANG_WARN_BLOCK_CAPTURE_AUTORELEASING = YES;
				CLANG_WARN_BOOL_CONVERSION = YES;
				CLANG_WARN_COMMA = YES;
				CLANG_WARN_CONSTANT_CONVERSION = YES;
				CLANG_WARN_DEPRECATED_OBJC_IMPLEMENTATIONS = YES;
				CLANG_WARN_DIRECT_OBJC_ISA_USAGE = YES_ERROR;
				CLANG_WARN_DOCUMENTATION_COMMENTS = YES;
				CLANG_WARN_EMPTY_BODY = YES;
				CLANG_WARN_ENUM_CONVERSION = YES;
				CLANG_WARN_INFINITE_RECURSION = YES;
				CLANG_WARN_INT_CONVERSION = YES;
				CLANG_WARN_NON_LITERAL_NULL_CONVERSION = YES;
				CLANG_WARN_OBJC_IMPLICIT_RETAIN_SELF = YES;
				CLANG_WARN_OBJC_LITERAL_CONVERSION = YES;
				CLANG_WARN_OBJC_ROOT_CLASS = YES_ERROR;
				CLANG_WARN_QUOTED_INCLUDE_IN_FRAMEWORK_HEADER = YES;
				CLANG_WARN_RANGE_LOOP_ANALYSIS = YES;
				CLANG_WARN_STRICT_PROTOTYPES = YES;
				CLANG_WARN_SUSPICIOUS_MOVE = YES;
				CLANG_WARN_UNGUARDED_AVAILABILITY = YES_AGGRESSIVE;
				CLANG_WARN_UNREACHABLE_CODE = YES;
				CLANG_WARN__DUPLICATE_METHOD_MATCH = YES;
				COPY_PHASE_STRIP = NO;
				CURRENT_PROJECT_VERSION = 1;
				DEBUG_INFORMATION_FORMAT = dwarf;
				ENABLE_STRICT_OBJC_MSGSEND = YES;
				ENABLE_TESTABILITY = YES;
				GCC_C_LANGUAGE_STANDARD = gnu11;
				GCC_DYNAMIC_NO_PIC = NO;
				GCC_NO_COMMON_BLOCKS = YES;
				GCC_OPTIMIZATION_LEVEL = 0;
				GCC_PREPROCESSOR_DEFINITIONS = (
					"DEBUG=1",
					"$(inherited)",
				);
				GCC_WARN_64_TO_32_BIT_CONVERSION = YES;
				GCC_WARN_ABOUT_RETURN_TYPE = YES_ERROR;
				GCC_WARN_UNDECLARED_SELECTOR = YES;
				GCC_WARN_UNINITIALIZED_AUTOS = YES_AGGRESSIVE;
				GCC_WARN_UNUSED_FUNCTION = YES;
				GCC_WARN_UNUSED_VARIABLE = YES;
				IPHONEOS_DEPLOYMENT_TARGET = 12.0;
				MACOSX_DEPLOYMENT_TARGET = 11.3;
				MTL_ENABLE_DEBUG_INFO = INCLUDE_SOURCE;
				MTL_FAST_MATH = YES;
				ONLY_ACTIVE_ARCH = YES;
				SDKROOT = macosx;
				SWIFT_ACTIVE_COMPILATION_CONDITIONS = DEBUG;
				SWIFT_OPTIMIZATION_LEVEL = "-Onone";
				VERSIONING_SYSTEM = "apple-generic";
				VERSION_INFO_PREFIX = "";
			};
			name = Debug;
		};
		A0AC45FB26DDDABB0063B260 /* Release */ = {
			isa = XCBuildConfiguration;
			buildSettings = {
				ALWAYS_SEARCH_USER_PATHS = NO;
				CLANG_ANALYZER_LOCALIZABILITY_NONLOCALIZED = YES;
				CLANG_ANALYZER_NONNULL = YES;
				CLANG_ANALYZER_NUMBER_OBJECT_CONVERSION = YES_AGGRESSIVE;
				CLANG_CXX_LANGUAGE_STANDARD = "gnu++14";
				CLANG_CXX_LIBRARY = "libc++";
				CLANG_ENABLE_MODULES = YES;
				CLANG_ENABLE_OBJC_ARC = YES;
				CLANG_ENABLE_OBJC_WEAK = YES;
				CLANG_WARN_BLOCK_CAPTURE_AUTORELEASING = YES;
				CLANG_WARN_BOOL_CONVERSION = YES;
				CLANG_WARN_COMMA = YES;
				CLANG_WARN_CONSTANT_CONVERSION = YES;
				CLANG_WARN_DEPRECATED_OBJC_IMPLEMENTATIONS = YES;
				CLANG_WARN_DIRECT_OBJC_ISA_USAGE = YES_ERROR;
				CLANG_WARN_DOCUMENTATION_COMMENTS = YES;
				CLANG_WARN_EMPTY_BODY = YES;
				CLANG_WARN_ENUM_CONVERSION = YES;
				CLANG_WARN_INFINITE_RECURSION = YES;
				CLANG_WARN_INT_CONVERSION = YES;
				CLANG_WARN_NON_LITERAL_NULL_CONVERSION = YES;
				CLANG_WARN_OBJC_IMPLICIT_RETAIN_SELF = YES;
				CLANG_WARN_OBJC_LITERAL_CONVERSION = YES;
				CLANG_WARN_OBJC_ROOT_CLASS = YES_ERROR;
				CLANG_WARN_QUOTED_INCLUDE_IN_FRAMEWORK_HEADER = YES;
				CLANG_WARN_RANGE_LOOP_ANALYSIS = YES;
				CLANG_WARN_STRICT_PROTOTYPES = YES;
				CLANG_WARN_SUSPICIOUS_MOVE = YES;
				CLANG_WARN_UNGUARDED_AVAILABILITY = YES_AGGRESSIVE;
				CLANG_WARN_UNREACHABLE_CODE = YES;
				CLANG_WARN__DUPLICATE_METHOD_MATCH = YES;
				COPY_PHASE_STRIP = NO;
				CURRENT_PROJECT_VERSION = 1;
				DEBUG_INFORMATION_FORMAT = "dwarf-with-dsym";
				ENABLE_NS_ASSERTIONS = NO;
				ENABLE_STRICT_OBJC_MSGSEND = YES;
				GCC_C_LANGUAGE_STANDARD = gnu11;
				GCC_NO_COMMON_BLOCKS = YES;
				GCC_WARN_64_TO_32_BIT_CONVERSION = YES;
				GCC_WARN_ABOUT_RETURN_TYPE = YES_ERROR;
				GCC_WARN_UNDECLARED_SELECTOR = YES;
				GCC_WARN_UNINITIALIZED_AUTOS = YES_AGGRESSIVE;
				GCC_WARN_UNUSED_FUNCTION = YES;
				GCC_WARN_UNUSED_VARIABLE = YES;
				IPHONEOS_DEPLOYMENT_TARGET = 12.0;
				MACOSX_DEPLOYMENT_TARGET = 11.3;
				MTL_ENABLE_DEBUG_INFO = NO;
				MTL_FAST_MATH = YES;
				SDKROOT = macosx;
				SWIFT_COMPILATION_MODE = wholemodule;
				SWIFT_OPTIMIZATION_LEVEL = "-O";
				VERSIONING_SYSTEM = "apple-generic";
				VERSION_INFO_PREFIX = "";
			};
			name = Release;
		};
		A0AC45FD26DDDABB0063B260 /* Debug */ = {
			isa = XCBuildConfiguration;
			buildSettings = {
				CLANG_ENABLE_MODULES = YES;
				CODE_SIGN_STYLE = Automatic;
				COMBINE_HIDPI_IMAGES = YES;
				DEFINES_MODULE = YES;
				DEVELOPMENT_TEAM = P6X3YD4HBV;
				DYLIB_COMPATIBILITY_VERSION = 1;
				DYLIB_CURRENT_VERSION = 1;
				DYLIB_INSTALL_NAME_BASE = "@rpath";
				INFOPLIST_FILE = EssentialFeed/Info.plist;
				INSTALL_PATH = "$(LOCAL_LIBRARY_DIR)/Frameworks";
				LD_RUNPATH_SEARCH_PATHS = (
					"$(inherited)",
					"@executable_path/../Frameworks",
					"@loader_path/Frameworks",
				);
				PRODUCT_BUNDLE_IDENTIFIER = LightSide.EssentialFeed;
				PRODUCT_NAME = "$(TARGET_NAME:c99extidentifier)";
				SKIP_INSTALL = YES;
				SUPPORTED_PLATFORMS = "macosx iphoneos iphonesimulator";
				SWIFT_OPTIMIZATION_LEVEL = "-Onone";
				SWIFT_VERSION = 5.0;
			};
			name = Debug;
		};
		A0AC45FE26DDDABB0063B260 /* Release */ = {
			isa = XCBuildConfiguration;
			buildSettings = {
				CLANG_ENABLE_MODULES = YES;
				CODE_SIGN_STYLE = Automatic;
				COMBINE_HIDPI_IMAGES = YES;
				DEFINES_MODULE = YES;
				DEVELOPMENT_TEAM = P6X3YD4HBV;
				DYLIB_COMPATIBILITY_VERSION = 1;
				DYLIB_CURRENT_VERSION = 1;
				DYLIB_INSTALL_NAME_BASE = "@rpath";
				INFOPLIST_FILE = EssentialFeed/Info.plist;
				INSTALL_PATH = "$(LOCAL_LIBRARY_DIR)/Frameworks";
				LD_RUNPATH_SEARCH_PATHS = (
					"$(inherited)",
					"@executable_path/../Frameworks",
					"@loader_path/Frameworks",
				);
				PRODUCT_BUNDLE_IDENTIFIER = LightSide.EssentialFeed;
				PRODUCT_NAME = "$(TARGET_NAME:c99extidentifier)";
				SKIP_INSTALL = YES;
				SUPPORTED_PLATFORMS = "macosx iphoneos iphonesimulator";
				SWIFT_VERSION = 5.0;
			};
			name = Release;
		};
		A0AC460026DDDABB0063B260 /* Debug */ = {
			isa = XCBuildConfiguration;
			buildSettings = {
				ALWAYS_EMBED_SWIFT_STANDARD_LIBRARIES = YES;
				CODE_SIGN_STYLE = Automatic;
				COMBINE_HIDPI_IMAGES = YES;
				DEVELOPMENT_TEAM = P6X3YD4HBV;
				INFOPLIST_FILE = EssentialFeedTests/Info.plist;
				LD_RUNPATH_SEARCH_PATHS = (
					"$(inherited)",
					"@executable_path/../Frameworks",
					"@loader_path/../Frameworks",
				);
				PRODUCT_BUNDLE_IDENTIFIER = LightSide.EssentialFeedTests;
				PRODUCT_NAME = "$(TARGET_NAME)";
				SUPPORTED_PLATFORMS = "macosx iphoneos iphonesimulator";
				SWIFT_VERSION = 5.0;
			};
			name = Debug;
		};
		A0AC460126DDDABB0063B260 /* Release */ = {
			isa = XCBuildConfiguration;
			buildSettings = {
				ALWAYS_EMBED_SWIFT_STANDARD_LIBRARIES = YES;
				CODE_SIGN_STYLE = Automatic;
				COMBINE_HIDPI_IMAGES = YES;
				DEVELOPMENT_TEAM = P6X3YD4HBV;
				INFOPLIST_FILE = EssentialFeedTests/Info.plist;
				LD_RUNPATH_SEARCH_PATHS = (
					"$(inherited)",
					"@executable_path/../Frameworks",
					"@loader_path/../Frameworks",
				);
				PRODUCT_BUNDLE_IDENTIFIER = LightSide.EssentialFeedTests;
				PRODUCT_NAME = "$(TARGET_NAME)";
				SUPPORTED_PLATFORMS = "macosx iphoneos iphonesimulator";
				SWIFT_VERSION = 5.0;
			};
			name = Release;
		};
/* End XCBuildConfiguration section */

/* Begin XCConfigurationList section */
		A06477B7277183E400A324A4 /* Build configuration list for PBXNativeTarget "EssentialFeedCacheIntegrationTests" */ = {
			isa = XCConfigurationList;
			buildConfigurations = (
				A06477B5277183E400A324A4 /* Debug */,
				A06477B6277183E400A324A4 /* Release */,
			);
			defaultConfigurationIsVisible = 0;
			defaultConfigurationName = Release;
		};
		A06D9378270E11B500B2B545 /* Build configuration list for PBXNativeTarget "EssentialFeedApiEndToEndTests" */ = {
			isa = XCConfigurationList;
			buildConfigurations = (
				A06D9376270E11B400B2B545 /* Debug */,
				A06D9377270E11B400B2B545 /* Release */,
			);
			defaultConfigurationIsVisible = 0;
			defaultConfigurationName = Release;
		};
		A081D250278C9775003F50A9 /* Build configuration list for PBXNativeTarget "EssentialFeediOS" */ = {
			isa = XCConfigurationList;
			buildConfigurations = (
				A081D24C278C9775003F50A9 /* Debug */,
				A081D24D278C9775003F50A9 /* Release */,
			);
			defaultConfigurationIsVisible = 0;
			defaultConfigurationName = Release;
		};
		A081D251278C9775003F50A9 /* Build configuration list for PBXNativeTarget "EssentialFeediOSTests" */ = {
			isa = XCConfigurationList;
			buildConfigurations = (
				A081D24E278C9775003F50A9 /* Debug */,
				A081D24F278C9775003F50A9 /* Release */,
			);
			defaultConfigurationIsVisible = 0;
			defaultConfigurationName = Release;
		};
		A0AC45E226DDDABB0063B260 /* Build configuration list for PBXProject "EssentialFeed" */ = {
			isa = XCConfigurationList;
			buildConfigurations = (
				A0AC45FA26DDDABB0063B260 /* Debug */,
				A0AC45FB26DDDABB0063B260 /* Release */,
			);
			defaultConfigurationIsVisible = 0;
			defaultConfigurationName = Release;
		};
		A0AC45FC26DDDABB0063B260 /* Build configuration list for PBXNativeTarget "EssentialFeed" */ = {
			isa = XCConfigurationList;
			buildConfigurations = (
				A0AC45FD26DDDABB0063B260 /* Debug */,
				A0AC45FE26DDDABB0063B260 /* Release */,
			);
			defaultConfigurationIsVisible = 0;
			defaultConfigurationName = Release;
		};
		A0AC45FF26DDDABB0063B260 /* Build configuration list for PBXNativeTarget "EssentialFeedTests" */ = {
			isa = XCConfigurationList;
			buildConfigurations = (
				A0AC460026DDDABB0063B260 /* Debug */,
				A0AC460126DDDABB0063B260 /* Release */,
			);
			defaultConfigurationIsVisible = 0;
			defaultConfigurationName = Release;
		};
/* End XCConfigurationList section */

/* Begin XCVersionGroup section */
		A0ECF8CA275C400B00F5F559 /* FeedStore.xcdatamodeld */ = {
			isa = XCVersionGroup;
			children = (
				A0ECF8CB275C400B00F5F559 /* FeedStore.xcdatamodel */,
			);
			currentVersion = A0ECF8CB275C400B00F5F559 /* FeedStore.xcdatamodel */;
			path = FeedStore.xcdatamodeld;
			sourceTree = "<group>";
			versionGroupType = wrapper.xcdatamodel;
		};
/* End XCVersionGroup section */
	};
	rootObject = A0AC45DF26DDDABB0063B260 /* Project object */;
}
